// !$*UTF8*$!
{
	archiveVersion = 1;
	classes = {
	};
	objectVersion = 46;
	objects = {

/* Begin PBXBuildFile section */
		17053CCB18CD8BEF006228ED /* Foundation.framework in Frameworks */ = {isa = PBXBuildFile; fileRef = 17053CCA18CD8BEF006228ED /* Foundation.framework */; };
		17053CCD18CD8BEF006228ED /* CoreGraphics.framework in Frameworks */ = {isa = PBXBuildFile; fileRef = 17053CCC18CD8BEF006228ED /* CoreGraphics.framework */; };
		17053CCF18CD8BEF006228ED /* UIKit.framework in Frameworks */ = {isa = PBXBuildFile; fileRef = 17053CCE18CD8BEF006228ED /* UIKit.framework */; };
		17053CD518CD8BEF006228ED /* InfoPlist.strings in Resources */ = {isa = PBXBuildFile; fileRef = 17053CD318CD8BEF006228ED /* InfoPlist.strings */; };
		17053CD718CD8BEF006228ED /* main.m in Sources */ = {isa = PBXBuildFile; fileRef = 17053CD618CD8BEF006228ED /* main.m */; };
		17053CDB18CD8BEF006228ED /* QYAppDelegate.m in Sources */ = {isa = PBXBuildFile; fileRef = 17053CDA18CD8BEF006228ED /* QYAppDelegate.m */; };
		17053CE418CD8BEF006228ED /* XCTest.framework in Frameworks */ = {isa = PBXBuildFile; fileRef = 17053CE318CD8BEF006228ED /* XCTest.framework */; };
		17053CE518CD8BEF006228ED /* Foundation.framework in Frameworks */ = {isa = PBXBuildFile; fileRef = 17053CCA18CD8BEF006228ED /* Foundation.framework */; };
		17053CE618CD8BEF006228ED /* UIKit.framework in Frameworks */ = {isa = PBXBuildFile; fileRef = 17053CCE18CD8BEF006228ED /* UIKit.framework */; };
		17053CEE18CD8BEF006228ED /* InfoPlist.strings in Resources */ = {isa = PBXBuildFile; fileRef = 17053CEC18CD8BEF006228ED /* InfoPlist.strings */; };
		17053CF018CD8BEF006228ED /* QYMovieScannerTests.m in Sources */ = {isa = PBXBuildFile; fileRef = 17053CEF18CD8BEF006228ED /* QYMovieScannerTests.m */; };
		17053D1418CD8D15006228ED /* MKAnnotationView+WebCache.m in Sources */ = {isa = PBXBuildFile; fileRef = 17053D0118CD8D15006228ED /* MKAnnotationView+WebCache.m */; };
		17053D1518CD8D15006228ED /* SDImageCache.m in Sources */ = {isa = PBXBuildFile; fileRef = 17053D0318CD8D15006228ED /* SDImageCache.m */; };
		17053D1618CD8D15006228ED /* SDWebImageDecoder.m in Sources */ = {isa = PBXBuildFile; fileRef = 17053D0718CD8D15006228ED /* SDWebImageDecoder.m */; };
		17053D1718CD8D15006228ED /* SDWebImageDownloader.m in Sources */ = {isa = PBXBuildFile; fileRef = 17053D0918CD8D15006228ED /* SDWebImageDownloader.m */; };
		17053D1818CD8D15006228ED /* SDWebImageManager.m in Sources */ = {isa = PBXBuildFile; fileRef = 17053D0C18CD8D15006228ED /* SDWebImageManager.m */; };
		17053D1918CD8D15006228ED /* SDWebImagePrefetcher.m in Sources */ = {isa = PBXBuildFile; fileRef = 17053D0F18CD8D15006228ED /* SDWebImagePrefetcher.m */; };
		17053D1A18CD8D15006228ED /* UIButton+WebCache.m in Sources */ = {isa = PBXBuildFile; fileRef = 17053D1118CD8D15006228ED /* UIButton+WebCache.m */; };
		17053D1B18CD8D15006228ED /* UIImageView+WebCache.m in Sources */ = {isa = PBXBuildFile; fileRef = 17053D1318CD8D15006228ED /* UIImageView+WebCache.m */; };
		17053D2A18CD8D39006228ED /* EGORefreshTableHeaderView.m in Sources */ = {isa = PBXBuildFile; fileRef = 17053D2018CD8D39006228ED /* EGORefreshTableHeaderView.m */; };
		17053D2B18CD8D39006228ED /* blackArrow.png in Resources */ = {isa = PBXBuildFile; fileRef = 17053D2218CD8D39006228ED /* blackArrow.png */; };
		17053D2C18CD8D39006228ED /* blackArrow@2x.png in Resources */ = {isa = PBXBuildFile; fileRef = 17053D2318CD8D39006228ED /* blackArrow@2x.png */; };
		17053D2D18CD8D39006228ED /* blueArrow.png in Resources */ = {isa = PBXBuildFile; fileRef = 17053D2418CD8D39006228ED /* blueArrow.png */; };
		17053D2E18CD8D39006228ED /* blueArrow@2x.png in Resources */ = {isa = PBXBuildFile; fileRef = 17053D2518CD8D39006228ED /* blueArrow@2x.png */; };
		17053D2F18CD8D39006228ED /* grayArrow.png in Resources */ = {isa = PBXBuildFile; fileRef = 17053D2618CD8D39006228ED /* grayArrow.png */; };
		17053D3018CD8D39006228ED /* grayArrow@2x.png in Resources */ = {isa = PBXBuildFile; fileRef = 17053D2718CD8D39006228ED /* grayArrow@2x.png */; };
		17053D3118CD8D39006228ED /* whiteArrow.png in Resources */ = {isa = PBXBuildFile; fileRef = 17053D2818CD8D39006228ED /* whiteArrow.png */; };
		17053D3218CD8D39006228ED /* whiteArrow@2x.png in Resources */ = {isa = PBXBuildFile; fileRef = 17053D2918CD8D39006228ED /* whiteArrow@2x.png */; };
		17053D3518CD8D60006228ED /* QYBaseView.m in Sources */ = {isa = PBXBuildFile; fileRef = 17053D3418CD8D60006228ED /* QYBaseView.m */; };
		17053D3818CD8D75006228ED /* QYBaseViewController.m in Sources */ = {isa = PBXBuildFile; fileRef = 17053D3718CD8D75006228ED /* QYBaseViewController.m */; };
		17053D4018CDC420006228ED /* QYMainViewController.m in Sources */ = {isa = PBXBuildFile; fileRef = 17053D3F18CDC420006228ED /* QYMainViewController.m */; };
		17186DBF18CFF05900679B01 /* 1.jpg in Resources */ = {isa = PBXBuildFile; fileRef = 17186DBC18CFF05900679B01 /* 1.jpg */; };
		17186DC018CFF05900679B01 /* 2.jpg in Resources */ = {isa = PBXBuildFile; fileRef = 17186DBD18CFF05900679B01 /* 2.jpg */; };
		17186DC118CFF05900679B01 /* 3.jpg in Resources */ = {isa = PBXBuildFile; fileRef = 17186DBE18CFF05900679B01 /* 3.jpg */; };
		17186DC318CFF15800679B01 /* ImageIO.framework in Frameworks */ = {isa = PBXBuildFile; fileRef = 17186DC218CFF15800679B01 /* ImageIO.framework */; };
		17186DC518CFF16000679B01 /* MapKit.framework in Frameworks */ = {isa = PBXBuildFile; fileRef = 17186DC418CFF16000679B01 /* MapKit.framework */; };
		17186DCD18CFF21B00679B01 /* EScrollerView.m in Sources */ = {isa = PBXBuildFile; fileRef = 17186DCC18CFF21B00679B01 /* EScrollerView.m */; };
		1736D3AD18CEBC8000401DC3 /* tmp.rtf in Resources */ = {isa = PBXBuildFile; fileRef = 1736D3AC18CEBC8000401DC3 /* tmp.rtf */; };
		1751EC2118CDDD69004D8C3C /* QYCategoryViewController.m in Sources */ = {isa = PBXBuildFile; fileRef = 1751EC2018CDDD69004D8C3C /* QYCategoryViewController.m */; };
		1751EC2418CDDD7D004D8C3C /* QYProfileViewController.m in Sources */ = {isa = PBXBuildFile; fileRef = 1751EC2318CDDD7D004D8C3C /* QYProfileViewController.m */; };
		1751EC2718CDDD91004D8C3C /* QYSearchViewController.m in Sources */ = {isa = PBXBuildFile; fileRef = 1751EC2618CDDD91004D8C3C /* QYSearchViewController.m */; };
		1751EC2A18CDDD9E004D8C3C /* QYHomeViewController.m in Sources */ = {isa = PBXBuildFile; fileRef = 1751EC2918CDDD9E004D8C3C /* QYHomeViewController.m */; };
		1751EC2D18CDDE58004D8C3C /* QYBaseNavigationController.m in Sources */ = {isa = PBXBuildFile; fileRef = 1751EC2C18CDDE58004D8C3C /* QYBaseNavigationController.m */; };
		176508DB18CEEB4400AC43FC /* NSObject+SBJSON.m in Sources */ = {isa = PBXBuildFile; fileRef = 176508D218CEEB4400AC43FC /* NSObject+SBJSON.m */; };
		176508DC18CEEB4400AC43FC /* NSString+SBJSON.m in Sources */ = {isa = PBXBuildFile; fileRef = 176508D418CEEB4400AC43FC /* NSString+SBJSON.m */; };
		176508DD18CEEB4400AC43FC /* SBJsonBase.m in Sources */ = {isa = PBXBuildFile; fileRef = 176508D618CEEB4400AC43FC /* SBJsonBase.m */; };
		176508DE18CEEB4400AC43FC /* SBJsonParser.m in Sources */ = {isa = PBXBuildFile; fileRef = 176508D818CEEB4400AC43FC /* SBJsonParser.m */; };
		176508DF18CEEB4400AC43FC /* SBJsonWriter.m in Sources */ = {isa = PBXBuildFile; fileRef = 176508DA18CEEB4400AC43FC /* SBJsonWriter.m */; };
		176508E218CEEBBA00AC43FC /* QYHttpRequestManager.m in Sources */ = {isa = PBXBuildFile; fileRef = 176508E118CEEBBA00AC43FC /* QYHttpRequestManager.m */; };
		178C058318CF03BD004EADB1 /* ASIAuthenticationDialog.m in Sources */ = {isa = PBXBuildFile; fileRef = 178C056D18CF03BD004EADB1 /* ASIAuthenticationDialog.m */; };
		178C058418CF03BD004EADB1 /* ASIDataCompressor.m in Sources */ = {isa = PBXBuildFile; fileRef = 178C057018CF03BD004EADB1 /* ASIDataCompressor.m */; };
		178C058518CF03BD004EADB1 /* ASIDataDecompressor.m in Sources */ = {isa = PBXBuildFile; fileRef = 178C057218CF03BD004EADB1 /* ASIDataDecompressor.m */; };
		178C058618CF03BD004EADB1 /* ASIDownloadCache.m in Sources */ = {isa = PBXBuildFile; fileRef = 178C057418CF03BD004EADB1 /* ASIDownloadCache.m */; };
		178C058718CF03BD004EADB1 /* ASIFormDataRequest.m in Sources */ = {isa = PBXBuildFile; fileRef = 178C057618CF03BD004EADB1 /* ASIFormDataRequest.m */; };
		178C058818CF03BD004EADB1 /* ASIHTTPRequest.m in Sources */ = {isa = PBXBuildFile; fileRef = 178C057818CF03BD004EADB1 /* ASIHTTPRequest.m */; };
		178C058918CF03BD004EADB1 /* ASIInputStream.m in Sources */ = {isa = PBXBuildFile; fileRef = 178C057C18CF03BD004EADB1 /* ASIInputStream.m */; };
		178C058A18CF03BD004EADB1 /* ASINetworkQueue.m in Sources */ = {isa = PBXBuildFile; fileRef = 178C057E18CF03BD004EADB1 /* ASINetworkQueue.m */; };
		178C058B18CF03BD004EADB1 /* Reachability.m in Sources */ = {isa = PBXBuildFile; fileRef = 178C058218CF03BD004EADB1 /* Reachability.m */; };
		178C058D18CF0663004EADB1 /* libxml2.dylib in Frameworks */ = {isa = PBXBuildFile; fileRef = 178C058C18CF0663004EADB1 /* libxml2.dylib */; };
		178C058F18CF06E2004EADB1 /* SystemConfiguration.framework in Frameworks */ = {isa = PBXBuildFile; fileRef = 178C058E18CF06E2004EADB1 /* SystemConfiguration.framework */; };
		178C059118CF06F2004EADB1 /* libz.1.2.5.dylib in Frameworks */ = {isa = PBXBuildFile; fileRef = 178C059018CF06F2004EADB1 /* libz.1.2.5.dylib */; };
		178C059318CF070A004EADB1 /* CFNetwork.framework in Frameworks */ = {isa = PBXBuildFile; fileRef = 178C059218CF070A004EADB1 /* CFNetwork.framework */; };
		178C059618CF24FA004EADB1 /* QYVideoModule.m in Sources */ = {isa = PBXBuildFile; fileRef = 178C059518CF24FA004EADB1 /* QYVideoModule.m */; };
		178FA37C18CE9F1100E7663F /* Icon-40.png in Resources */ = {isa = PBXBuildFile; fileRef = 178FA36718CE9F1100E7663F /* Icon-40.png */; };
		178FA37D18CE9F1100E7663F /* Icon-40@2x.png in Resources */ = {isa = PBXBuildFile; fileRef = 178FA36818CE9F1100E7663F /* Icon-40@2x.png */; };
		178FA37E18CE9F1100E7663F /* Icon-60.png in Resources */ = {isa = PBXBuildFile; fileRef = 178FA36918CE9F1100E7663F /* Icon-60.png */; };
		178FA37F18CE9F1100E7663F /* Icon-60@2x.png in Resources */ = {isa = PBXBuildFile; fileRef = 178FA36A18CE9F1100E7663F /* Icon-60@2x.png */; };
		178FA38018CE9F1100E7663F /* Icon-76.png in Resources */ = {isa = PBXBuildFile; fileRef = 178FA36B18CE9F1100E7663F /* Icon-76.png */; };
		178FA38118CE9F1100E7663F /* Icon-76@2x.png in Resources */ = {isa = PBXBuildFile; fileRef = 178FA36C18CE9F1100E7663F /* Icon-76@2x.png */; };
		178FA38218CE9F1100E7663F /* Icon-Small.png in Resources */ = {isa = PBXBuildFile; fileRef = 178FA36D18CE9F1100E7663F /* Icon-Small.png */; };
		178FA38318CE9F1100E7663F /* Icon-Small@2x.png in Resources */ = {isa = PBXBuildFile; fileRef = 178FA36E18CE9F1100E7663F /* Icon-Small@2x.png */; };
		178FA38418CE9F1100E7663F /* iTunesArtwork.png in Resources */ = {isa = PBXBuildFile; fileRef = 178FA36F18CE9F1100E7663F /* iTunesArtwork.png */; };
		178FA38518CE9F1100E7663F /* iTunesArtwork@2x.png in Resources */ = {isa = PBXBuildFile; fileRef = 178FA37018CE9F1100E7663F /* iTunesArtwork@2x.png */; };
		178FA38618CE9F1100E7663F /* Icon-72.png in Resources */ = {isa = PBXBuildFile; fileRef = 178FA37218CE9F1100E7663F /* Icon-72.png */; };
		178FA38718CE9F1100E7663F /* Icon-72@2x.png in Resources */ = {isa = PBXBuildFile; fileRef = 178FA37318CE9F1100E7663F /* Icon-72@2x.png */; };
		178FA38818CE9F1100E7663F /* Icon-Small-50.png in Resources */ = {isa = PBXBuildFile; fileRef = 178FA37418CE9F1100E7663F /* Icon-Small-50.png */; };
		178FA38918CE9F1100E7663F /* Icon-Small-50@2x.png in Resources */ = {isa = PBXBuildFile; fileRef = 178FA37518CE9F1100E7663F /* Icon-Small-50@2x.png */; };
		178FA38A18CE9F1100E7663F /* Icon-Small.png in Resources */ = {isa = PBXBuildFile; fileRef = 178FA37618CE9F1100E7663F /* Icon-Small.png */; };
		178FA38B18CE9F1100E7663F /* Icon-Small@2x.png in Resources */ = {isa = PBXBuildFile; fileRef = 178FA37718CE9F1100E7663F /* Icon-Small@2x.png */; };
		178FA38C18CE9F1100E7663F /* Icon.png in Resources */ = {isa = PBXBuildFile; fileRef = 178FA37818CE9F1100E7663F /* Icon.png */; };
		178FA38D18CE9F1100E7663F /* Icon@2x.png in Resources */ = {isa = PBXBuildFile; fileRef = 178FA37918CE9F1100E7663F /* Icon@2x.png */; };
		178FA38E18CE9F1100E7663F /* iTunesArtwork.png in Resources */ = {isa = PBXBuildFile; fileRef = 178FA37A18CE9F1100E7663F /* iTunesArtwork.png */; };
		178FA38F18CE9F1100E7663F /* iTunesArtwork@2x.png in Resources */ = {isa = PBXBuildFile; fileRef = 178FA37B18CE9F1100E7663F /* iTunesArtwork@2x.png */; };
		178FA39618CEA8CE00E7663F /* tabbar_background@2x.png in Resources */ = {isa = PBXBuildFile; fileRef = 178FA39418CEA8CE00E7663F /* tabbar_background@2x.png */; };
		178FA39718CEA8CE00E7663F /* tabbar_background.png in Resources */ = {isa = PBXBuildFile; fileRef = 178FA39518CEA8CE00E7663F /* tabbar_background.png */; };
		178FA39D18CEAC7400E7663F /* Images.xcassets in Resources */ = {isa = PBXBuildFile; fileRef = 17053CDC18CD8BEF006228ED /* Images.xcassets */; };
		17AC815318CEB396005E397B /* navigationbar_bg@2x.png in Resources */ = {isa = PBXBuildFile; fileRef = 17AC815118CEB396005E397B /* navigationbar_bg@2x.png */; };
		17AC815418CEB396005E397B /* navigationbar_bg.png in Resources */ = {isa = PBXBuildFile; fileRef = 17AC815218CEB396005E397B /* navigationbar_bg.png */; };
		17FBE48618CDEFEC00F767A9 /* tabbar_home@2x.png in Resources */ = {isa = PBXBuildFile; fileRef = 17FBE47A18CDEFEC00F767A9 /* tabbar_home@2x.png */; };
		17FBE48718CDEFEC00F767A9 /* tabbar_home.png in Resources */ = {isa = PBXBuildFile; fileRef = 17FBE47B18CDEFEC00F767A9 /* tabbar_home.png */; };
		17FBE48818CDEFEC00F767A9 /* tabbar_home_selected@2x.png in Resources */ = {isa = PBXBuildFile; fileRef = 17FBE47C18CDEFEC00F767A9 /* tabbar_home_selected@2x.png */; };
		17FBE48918CDEFEC00F767A9 /* tabbar_home_selected.png in Resources */ = {isa = PBXBuildFile; fileRef = 17FBE47D18CDEFEC00F767A9 /* tabbar_home_selected.png */; };
		17FBE48A18CDEFEC00F767A9 /* tabbar_home_highlighted@2x.png in Resources */ = {isa = PBXBuildFile; fileRef = 17FBE47E18CDEFEC00F767A9 /* tabbar_home_highlighted@2x.png */; };
		17FBE48B18CDEFEC00F767A9 /* tabbar_home_highlighted.png in Resources */ = {isa = PBXBuildFile; fileRef = 17FBE47F18CDEFEC00F767A9 /* tabbar_home_highlighted.png */; };
		17FBE48C18CDEFEC00F767A9 /* tabbar_discover@2x.png in Resources */ = {isa = PBXBuildFile; fileRef = 17FBE48018CDEFEC00F767A9 /* tabbar_discover@2x.png */; };
		17FBE48D18CDEFEC00F767A9 /* tabbar_discover.png in Resources */ = {isa = PBXBuildFile; fileRef = 17FBE48118CDEFEC00F767A9 /* tabbar_discover.png */; };
		17FBE48E18CDEFEC00F767A9 /* tabbar_discover_selected@2x.png in Resources */ = {isa = PBXBuildFile; fileRef = 17FBE48218CDEFEC00F767A9 /* tabbar_discover_selected@2x.png */; };
		17FBE48F18CDEFEC00F767A9 /* tabbar_discover_selected.png in Resources */ = {isa = PBXBuildFile; fileRef = 17FBE48318CDEFEC00F767A9 /* tabbar_discover_selected.png */; };
		17FBE49018CDEFEC00F767A9 /* tabbar_discover_highlighted@2x.png in Resources */ = {isa = PBXBuildFile; fileRef = 17FBE48418CDEFEC00F767A9 /* tabbar_discover_highlighted@2x.png */; };
		17FBE49118CDEFEC00F767A9 /* tabbar_discover_highlighted.png in Resources */ = {isa = PBXBuildFile; fileRef = 17FBE48518CDEFEC00F767A9 /* tabbar_discover_highlighted.png */; };
		17FBE4A018CDEFFE00F767A9 /* tabbar_slider@2x.png in Resources */ = {isa = PBXBuildFile; fileRef = 17FBE49218CDEFFE00F767A9 /* tabbar_slider@2x.png */; };
		17FBE4A118CDEFFE00F767A9 /* tabbar_slider.png in Resources */ = {isa = PBXBuildFile; fileRef = 17FBE49318CDEFFE00F767A9 /* tabbar_slider.png */; };
		17FBE4A218CDEFFE00F767A9 /* tabbar_profile@2x.png in Resources */ = {isa = PBXBuildFile; fileRef = 17FBE49418CDEFFE00F767A9 /* tabbar_profile@2x.png */; };
		17FBE4A318CDEFFE00F767A9 /* tabbar_profile.png in Resources */ = {isa = PBXBuildFile; fileRef = 17FBE49518CDEFFE00F767A9 /* tabbar_profile.png */; };
		17FBE4A418CDEFFE00F767A9 /* tabbar_profile_selected@2x.png in Resources */ = {isa = PBXBuildFile; fileRef = 17FBE49618CDEFFE00F767A9 /* tabbar_profile_selected@2x.png */; };
		17FBE4A518CDEFFE00F767A9 /* tabbar_profile_selected.png in Resources */ = {isa = PBXBuildFile; fileRef = 17FBE49718CDEFFE00F767A9 /* tabbar_profile_selected.png */; };
		17FBE4A618CDEFFE00F767A9 /* tabbar_profile_highlighted@2x.png in Resources */ = {isa = PBXBuildFile; fileRef = 17FBE49818CDEFFE00F767A9 /* tabbar_profile_highlighted@2x.png */; };
		17FBE4A718CDEFFE00F767A9 /* tabbar_profile_highlighted.png in Resources */ = {isa = PBXBuildFile; fileRef = 17FBE49918CDEFFE00F767A9 /* tabbar_profile_highlighted.png */; };
		17FBE4A818CDEFFE00F767A9 /* tabbar_more@2x.png in Resources */ = {isa = PBXBuildFile; fileRef = 17FBE49A18CDEFFE00F767A9 /* tabbar_more@2x.png */; };
		17FBE4A918CDEFFE00F767A9 /* tabbar_more.png in Resources */ = {isa = PBXBuildFile; fileRef = 17FBE49B18CDEFFE00F767A9 /* tabbar_more.png */; };
		17FBE4AA18CDEFFE00F767A9 /* tabbar_more_selected@2x.png in Resources */ = {isa = PBXBuildFile; fileRef = 17FBE49C18CDEFFE00F767A9 /* tabbar_more_selected@2x.png */; };
		17FBE4AB18CDEFFE00F767A9 /* tabbar_more_selected.png in Resources */ = {isa = PBXBuildFile; fileRef = 17FBE49D18CDEFFE00F767A9 /* tabbar_more_selected.png */; };
		17FBE4AC18CDEFFE00F767A9 /* tabbar_more_highlighted@2x.png in Resources */ = {isa = PBXBuildFile; fileRef = 17FBE49E18CDEFFE00F767A9 /* tabbar_more_highlighted@2x.png */; };
		17FBE4AD18CDEFFE00F767A9 /* tabbar_more_highlighted.png in Resources */ = {isa = PBXBuildFile; fileRef = 17FBE49F18CDEFFE00F767A9 /* tabbar_more_highlighted.png */; };
		17FBE4BB18CDF38400F767A9 /* UIViewExt.m in Sources */ = {isa = PBXBuildFile; fileRef = 17FBE4BA18CDF38400F767A9 /* UIViewExt.m */; };
/* End PBXBuildFile section */

/* Begin PBXContainerItemProxy section */
		17053CE718CD8BEF006228ED /* PBXContainerItemProxy */ = {
			isa = PBXContainerItemProxy;
			containerPortal = 17053CBF18CD8BEF006228ED /* Project object */;
			proxyType = 1;
			remoteGlobalIDString = 17053CC618CD8BEF006228ED;
			remoteInfo = QYMovieScanner;
		};
/* End PBXContainerItemProxy section */

/* Begin PBXFileReference section */
		17053CC718CD8BEF006228ED /* QYMovieScanner.app */ = {isa = PBXFileReference; explicitFileType = wrapper.application; includeInIndex = 0; path = QYMovieScanner.app; sourceTree = BUILT_PRODUCTS_DIR; };
		17053CCA18CD8BEF006228ED /* Foundation.framework */ = {isa = PBXFileReference; lastKnownFileType = wrapper.framework; name = Foundation.framework; path = System/Library/Frameworks/Foundation.framework; sourceTree = SDKROOT; };
		17053CCC18CD8BEF006228ED /* CoreGraphics.framework */ = {isa = PBXFileReference; lastKnownFileType = wrapper.framework; name = CoreGraphics.framework; path = System/Library/Frameworks/CoreGraphics.framework; sourceTree = SDKROOT; };
		17053CCE18CD8BEF006228ED /* UIKit.framework */ = {isa = PBXFileReference; lastKnownFileType = wrapper.framework; name = UIKit.framework; path = System/Library/Frameworks/UIKit.framework; sourceTree = SDKROOT; };
		17053CD218CD8BEF006228ED /* QYMovieScanner-Info.plist */ = {isa = PBXFileReference; lastKnownFileType = text.plist.xml; path = "QYMovieScanner-Info.plist"; sourceTree = "<group>"; };
		17053CD418CD8BEF006228ED /* en */ = {isa = PBXFileReference; lastKnownFileType = text.plist.strings; name = en; path = en.lproj/InfoPlist.strings; sourceTree = "<group>"; };
		17053CD618CD8BEF006228ED /* main.m */ = {isa = PBXFileReference; lastKnownFileType = sourcecode.c.objc; path = main.m; sourceTree = "<group>"; };
		17053CD818CD8BEF006228ED /* QYMovieScanner-Prefix.pch */ = {isa = PBXFileReference; lastKnownFileType = sourcecode.c.h; path = "QYMovieScanner-Prefix.pch"; sourceTree = "<group>"; };
		17053CD918CD8BEF006228ED /* QYAppDelegate.h */ = {isa = PBXFileReference; lastKnownFileType = sourcecode.c.h; path = QYAppDelegate.h; sourceTree = "<group>"; };
		17053CDA18CD8BEF006228ED /* QYAppDelegate.m */ = {isa = PBXFileReference; lastKnownFileType = sourcecode.c.objc; path = QYAppDelegate.m; sourceTree = "<group>"; };
		17053CDC18CD8BEF006228ED /* Images.xcassets */ = {isa = PBXFileReference; lastKnownFileType = folder.assetcatalog; path = Images.xcassets; sourceTree = "<group>"; };
		17053CE218CD8BEF006228ED /* QYMovieScannerTests.xctest */ = {isa = PBXFileReference; explicitFileType = wrapper.cfbundle; includeInIndex = 0; path = QYMovieScannerTests.xctest; sourceTree = BUILT_PRODUCTS_DIR; };
		17053CE318CD8BEF006228ED /* XCTest.framework */ = {isa = PBXFileReference; lastKnownFileType = wrapper.framework; name = XCTest.framework; path = Library/Frameworks/XCTest.framework; sourceTree = DEVELOPER_DIR; };
		17053CEB18CD8BEF006228ED /* QYMovieScannerTests-Info.plist */ = {isa = PBXFileReference; lastKnownFileType = text.plist.xml; path = "QYMovieScannerTests-Info.plist"; sourceTree = "<group>"; };
		17053CED18CD8BEF006228ED /* en */ = {isa = PBXFileReference; lastKnownFileType = text.plist.strings; name = en; path = en.lproj/InfoPlist.strings; sourceTree = "<group>"; };
		17053CEF18CD8BEF006228ED /* QYMovieScannerTests.m */ = {isa = PBXFileReference; lastKnownFileType = sourcecode.c.objc; path = QYMovieScannerTests.m; sourceTree = "<group>"; };
		17053D0018CD8D15006228ED /* MKAnnotationView+WebCache.h */ = {isa = PBXFileReference; fileEncoding = 4; lastKnownFileType = sourcecode.c.h; path = "MKAnnotationView+WebCache.h"; sourceTree = "<group>"; };
		17053D0118CD8D15006228ED /* MKAnnotationView+WebCache.m */ = {isa = PBXFileReference; fileEncoding = 4; lastKnownFileType = sourcecode.c.objc; path = "MKAnnotationView+WebCache.m"; sourceTree = "<group>"; };
		17053D0218CD8D15006228ED /* SDImageCache.h */ = {isa = PBXFileReference; fileEncoding = 4; lastKnownFileType = sourcecode.c.h; path = SDImageCache.h; sourceTree = "<group>"; };
		17053D0318CD8D15006228ED /* SDImageCache.m */ = {isa = PBXFileReference; fileEncoding = 4; lastKnownFileType = sourcecode.c.objc; path = SDImageCache.m; sourceTree = "<group>"; };
		17053D0418CD8D15006228ED /* SDImageCacheDelegate.h */ = {isa = PBXFileReference; fileEncoding = 4; lastKnownFileType = sourcecode.c.h; path = SDImageCacheDelegate.h; sourceTree = "<group>"; };
		17053D0518CD8D15006228ED /* SDWebImageCompat.h */ = {isa = PBXFileReference; fileEncoding = 4; lastKnownFileType = sourcecode.c.h; path = SDWebImageCompat.h; sourceTree = "<group>"; };
		17053D0618CD8D15006228ED /* SDWebImageDecoder.h */ = {isa = PBXFileReference; fileEncoding = 4; lastKnownFileType = sourcecode.c.h; path = SDWebImageDecoder.h; sourceTree = "<group>"; };
		17053D0718CD8D15006228ED /* SDWebImageDecoder.m */ = {isa = PBXFileReference; fileEncoding = 4; lastKnownFileType = sourcecode.c.objc; path = SDWebImageDecoder.m; sourceTree = "<group>"; };
		17053D0818CD8D15006228ED /* SDWebImageDownloader.h */ = {isa = PBXFileReference; fileEncoding = 4; lastKnownFileType = sourcecode.c.h; path = SDWebImageDownloader.h; sourceTree = "<group>"; };
		17053D0918CD8D15006228ED /* SDWebImageDownloader.m */ = {isa = PBXFileReference; fileEncoding = 4; lastKnownFileType = sourcecode.c.objc; path = SDWebImageDownloader.m; sourceTree = "<group>"; };
		17053D0A18CD8D15006228ED /* SDWebImageDownloaderDelegate.h */ = {isa = PBXFileReference; fileEncoding = 4; lastKnownFileType = sourcecode.c.h; path = SDWebImageDownloaderDelegate.h; sourceTree = "<group>"; };
		17053D0B18CD8D15006228ED /* SDWebImageManager.h */ = {isa = PBXFileReference; fileEncoding = 4; lastKnownFileType = sourcecode.c.h; path = SDWebImageManager.h; sourceTree = "<group>"; };
		17053D0C18CD8D15006228ED /* SDWebImageManager.m */ = {isa = PBXFileReference; fileEncoding = 4; lastKnownFileType = sourcecode.c.objc; path = SDWebImageManager.m; sourceTree = "<group>"; };
		17053D0D18CD8D15006228ED /* SDWebImageManagerDelegate.h */ = {isa = PBXFileReference; fileEncoding = 4; lastKnownFileType = sourcecode.c.h; path = SDWebImageManagerDelegate.h; sourceTree = "<group>"; };
		17053D0E18CD8D15006228ED /* SDWebImagePrefetcher.h */ = {isa = PBXFileReference; fileEncoding = 4; lastKnownFileType = sourcecode.c.h; path = SDWebImagePrefetcher.h; sourceTree = "<group>"; };
		17053D0F18CD8D15006228ED /* SDWebImagePrefetcher.m */ = {isa = PBXFileReference; fileEncoding = 4; lastKnownFileType = sourcecode.c.objc; path = SDWebImagePrefetcher.m; sourceTree = "<group>"; };
		17053D1018CD8D15006228ED /* UIButton+WebCache.h */ = {isa = PBXFileReference; fileEncoding = 4; lastKnownFileType = sourcecode.c.h; path = "UIButton+WebCache.h"; sourceTree = "<group>"; };
		17053D1118CD8D15006228ED /* UIButton+WebCache.m */ = {isa = PBXFileReference; fileEncoding = 4; lastKnownFileType = sourcecode.c.objc; path = "UIButton+WebCache.m"; sourceTree = "<group>"; };
		17053D1218CD8D15006228ED /* UIImageView+WebCache.h */ = {isa = PBXFileReference; fileEncoding = 4; lastKnownFileType = sourcecode.c.h; path = "UIImageView+WebCache.h"; sourceTree = "<group>"; };
		17053D1318CD8D15006228ED /* UIImageView+WebCache.m */ = {isa = PBXFileReference; fileEncoding = 4; lastKnownFileType = sourcecode.c.objc; path = "UIImageView+WebCache.m"; sourceTree = "<group>"; };
		17053D1F18CD8D39006228ED /* EGORefreshTableHeaderView.h */ = {isa = PBXFileReference; fileEncoding = 4; lastKnownFileType = sourcecode.c.h; path = EGORefreshTableHeaderView.h; sourceTree = "<group>"; };
		17053D2018CD8D39006228ED /* EGORefreshTableHeaderView.m */ = {isa = PBXFileReference; fileEncoding = 4; lastKnownFileType = sourcecode.c.objc; path = EGORefreshTableHeaderView.m; sourceTree = "<group>"; };
		17053D2218CD8D39006228ED /* blackArrow.png */ = {isa = PBXFileReference; lastKnownFileType = image.png; path = blackArrow.png; sourceTree = "<group>"; };
		17053D2318CD8D39006228ED /* blackArrow@2x.png */ = {isa = PBXFileReference; lastKnownFileType = image.png; path = "blackArrow@2x.png"; sourceTree = "<group>"; };
		17053D2418CD8D39006228ED /* blueArrow.png */ = {isa = PBXFileReference; lastKnownFileType = image.png; path = blueArrow.png; sourceTree = "<group>"; };
		17053D2518CD8D39006228ED /* blueArrow@2x.png */ = {isa = PBXFileReference; lastKnownFileType = image.png; path = "blueArrow@2x.png"; sourceTree = "<group>"; };
		17053D2618CD8D39006228ED /* grayArrow.png */ = {isa = PBXFileReference; lastKnownFileType = image.png; path = grayArrow.png; sourceTree = "<group>"; };
		17053D2718CD8D39006228ED /* grayArrow@2x.png */ = {isa = PBXFileReference; lastKnownFileType = image.png; path = "grayArrow@2x.png"; sourceTree = "<group>"; };
		17053D2818CD8D39006228ED /* whiteArrow.png */ = {isa = PBXFileReference; lastKnownFileType = image.png; path = whiteArrow.png; sourceTree = "<group>"; };
		17053D2918CD8D39006228ED /* whiteArrow@2x.png */ = {isa = PBXFileReference; lastKnownFileType = image.png; path = "whiteArrow@2x.png"; sourceTree = "<group>"; };
		17053D3318CD8D60006228ED /* QYBaseView.h */ = {isa = PBXFileReference; fileEncoding = 4; lastKnownFileType = sourcecode.c.h; path = QYBaseView.h; sourceTree = "<group>"; };
		17053D3418CD8D60006228ED /* QYBaseView.m */ = {isa = PBXFileReference; fileEncoding = 4; lastKnownFileType = sourcecode.c.objc; path = QYBaseView.m; sourceTree = "<group>"; };
		17053D3618CD8D75006228ED /* QYBaseViewController.h */ = {isa = PBXFileReference; fileEncoding = 4; lastKnownFileType = sourcecode.c.h; path = QYBaseViewController.h; sourceTree = "<group>"; };
		17053D3718CD8D75006228ED /* QYBaseViewController.m */ = {isa = PBXFileReference; fileEncoding = 4; lastKnownFileType = sourcecode.c.objc; path = QYBaseViewController.m; sourceTree = "<group>"; };
		17053D3E18CDC420006228ED /* QYMainViewController.h */ = {isa = PBXFileReference; fileEncoding = 4; lastKnownFileType = sourcecode.c.h; path = QYMainViewController.h; sourceTree = "<group>"; };
		17053D3F18CDC420006228ED /* QYMainViewController.m */ = {isa = PBXFileReference; fileEncoding = 4; lastKnownFileType = sourcecode.c.objc; path = QYMainViewController.m; sourceTree = "<group>"; };
		17186DBC18CFF05900679B01 /* 1.jpg */ = {isa = PBXFileReference; lastKnownFileType = image.jpeg; path = 1.jpg; sourceTree = "<group>"; };
		17186DBD18CFF05900679B01 /* 2.jpg */ = {isa = PBXFileReference; lastKnownFileType = image.jpeg; path = 2.jpg; sourceTree = "<group>"; };
		17186DBE18CFF05900679B01 /* 3.jpg */ = {isa = PBXFileReference; lastKnownFileType = image.jpeg; path = 3.jpg; sourceTree = "<group>"; };
		17186DC218CFF15800679B01 /* ImageIO.framework */ = {isa = PBXFileReference; lastKnownFileType = wrapper.framework; name = ImageIO.framework; path = System/Library/Frameworks/ImageIO.framework; sourceTree = SDKROOT; };
		17186DC418CFF16000679B01 /* MapKit.framework */ = {isa = PBXFileReference; lastKnownFileType = wrapper.framework; name = MapKit.framework; path = System/Library/Frameworks/MapKit.framework; sourceTree = SDKROOT; };
		17186DCB18CFF21B00679B01 /* EScrollerView.h */ = {isa = PBXFileReference; fileEncoding = 4; lastKnownFileType = sourcecode.c.h; path = EScrollerView.h; sourceTree = "<group>"; };
		17186DCC18CFF21B00679B01 /* EScrollerView.m */ = {isa = PBXFileReference; fileEncoding = 4; lastKnownFileType = sourcecode.c.objc; path = EScrollerView.m; sourceTree = "<group>"; };
		1736D3AC18CEBC8000401DC3 /* tmp.rtf */ = {isa = PBXFileReference; fileEncoding = 4; lastKnownFileType = text.rtf; name = tmp.rtf; path = ../tmp.rtf; sourceTree = "<group>"; };
		1751EC1F18CDDD69004D8C3C /* QYCategoryViewController.h */ = {isa = PBXFileReference; fileEncoding = 4; lastKnownFileType = sourcecode.c.h; path = QYCategoryViewController.h; sourceTree = "<group>"; };
		1751EC2018CDDD69004D8C3C /* QYCategoryViewController.m */ = {isa = PBXFileReference; fileEncoding = 4; lastKnownFileType = sourcecode.c.objc; path = QYCategoryViewController.m; sourceTree = "<group>"; };
		1751EC2218CDDD7D004D8C3C /* QYProfileViewController.h */ = {isa = PBXFileReference; fileEncoding = 4; lastKnownFileType = sourcecode.c.h; path = QYProfileViewController.h; sourceTree = "<group>"; };
		1751EC2318CDDD7D004D8C3C /* QYProfileViewController.m */ = {isa = PBXFileReference; fileEncoding = 4; lastKnownFileType = sourcecode.c.objc; path = QYProfileViewController.m; sourceTree = "<group>"; };
		1751EC2518CDDD91004D8C3C /* QYSearchViewController.h */ = {isa = PBXFileReference; fileEncoding = 4; lastKnownFileType = sourcecode.c.h; path = QYSearchViewController.h; sourceTree = "<group>"; };
		1751EC2618CDDD91004D8C3C /* QYSearchViewController.m */ = {isa = PBXFileReference; fileEncoding = 4; lastKnownFileType = sourcecode.c.objc; path = QYSearchViewController.m; sourceTree = "<group>"; };
		1751EC2818CDDD9E004D8C3C /* QYHomeViewController.h */ = {isa = PBXFileReference; fileEncoding = 4; lastKnownFileType = sourcecode.c.h; path = QYHomeViewController.h; sourceTree = "<group>"; };
		1751EC2918CDDD9E004D8C3C /* QYHomeViewController.m */ = {isa = PBXFileReference; fileEncoding = 4; lastKnownFileType = sourcecode.c.objc; path = QYHomeViewController.m; sourceTree = "<group>"; };
		1751EC2B18CDDE58004D8C3C /* QYBaseNavigationController.h */ = {isa = PBXFileReference; fileEncoding = 4; lastKnownFileType = sourcecode.c.h; path = QYBaseNavigationController.h; sourceTree = "<group>"; };
		1751EC2C18CDDE58004D8C3C /* QYBaseNavigationController.m */ = {isa = PBXFileReference; fileEncoding = 4; lastKnownFileType = sourcecode.c.objc; path = QYBaseNavigationController.m; sourceTree = "<group>"; };
		176508D018CEEB4400AC43FC /* JSON.h */ = {isa = PBXFileReference; fileEncoding = 4; lastKnownFileType = sourcecode.c.h; path = JSON.h; sourceTree = "<group>"; };
		176508D118CEEB4400AC43FC /* NSObject+SBJSON.h */ = {isa = PBXFileReference; fileEncoding = 4; lastKnownFileType = sourcecode.c.h; path = "NSObject+SBJSON.h"; sourceTree = "<group>"; };
		176508D218CEEB4400AC43FC /* NSObject+SBJSON.m */ = {isa = PBXFileReference; fileEncoding = 4; lastKnownFileType = sourcecode.c.objc; path = "NSObject+SBJSON.m"; sourceTree = "<group>"; };
		176508D318CEEB4400AC43FC /* NSString+SBJSON.h */ = {isa = PBXFileReference; fileEncoding = 4; lastKnownFileType = sourcecode.c.h; path = "NSString+SBJSON.h"; sourceTree = "<group>"; };
		176508D418CEEB4400AC43FC /* NSString+SBJSON.m */ = {isa = PBXFileReference; fileEncoding = 4; lastKnownFileType = sourcecode.c.objc; path = "NSString+SBJSON.m"; sourceTree = "<group>"; };
		176508D518CEEB4400AC43FC /* SBJsonBase.h */ = {isa = PBXFileReference; fileEncoding = 4; lastKnownFileType = sourcecode.c.h; path = SBJsonBase.h; sourceTree = "<group>"; };
		176508D618CEEB4400AC43FC /* SBJsonBase.m */ = {isa = PBXFileReference; fileEncoding = 4; lastKnownFileType = sourcecode.c.objc; path = SBJsonBase.m; sourceTree = "<group>"; };
		176508D718CEEB4400AC43FC /* SBJsonParser.h */ = {isa = PBXFileReference; fileEncoding = 4; lastKnownFileType = sourcecode.c.h; path = SBJsonParser.h; sourceTree = "<group>"; };
		176508D818CEEB4400AC43FC /* SBJsonParser.m */ = {isa = PBXFileReference; fileEncoding = 4; lastKnownFileType = sourcecode.c.objc; path = SBJsonParser.m; sourceTree = "<group>"; };
		176508D918CEEB4400AC43FC /* SBJsonWriter.h */ = {isa = PBXFileReference; fileEncoding = 4; lastKnownFileType = sourcecode.c.h; path = SBJsonWriter.h; sourceTree = "<group>"; };
		176508DA18CEEB4400AC43FC /* SBJsonWriter.m */ = {isa = PBXFileReference; fileEncoding = 4; lastKnownFileType = sourcecode.c.objc; path = SBJsonWriter.m; sourceTree = "<group>"; };
		176508E018CEEBBA00AC43FC /* QYHttpRequestManager.h */ = {isa = PBXFileReference; fileEncoding = 4; lastKnownFileType = sourcecode.c.h; path = QYHttpRequestManager.h; sourceTree = "<group>"; };
		176508E118CEEBBA00AC43FC /* QYHttpRequestManager.m */ = {isa = PBXFileReference; fileEncoding = 4; lastKnownFileType = sourcecode.c.objc; path = QYHttpRequestManager.m; sourceTree = "<group>"; };
		178C056C18CF03BD004EADB1 /* ASIAuthenticationDialog.h */ = {isa = PBXFileReference; fileEncoding = 4; lastKnownFileType = sourcecode.c.h; path = ASIAuthenticationDialog.h; sourceTree = "<group>"; };
		178C056D18CF03BD004EADB1 /* ASIAuthenticationDialog.m */ = {isa = PBXFileReference; fileEncoding = 4; lastKnownFileType = sourcecode.c.objc; path = ASIAuthenticationDialog.m; sourceTree = "<group>"; };
		178C056E18CF03BD004EADB1 /* ASICacheDelegate.h */ = {isa = PBXFileReference; fileEncoding = 4; lastKnownFileType = sourcecode.c.h; path = ASICacheDelegate.h; sourceTree = "<group>"; };
		178C056F18CF03BD004EADB1 /* ASIDataCompressor.h */ = {isa = PBXFileReference; fileEncoding = 4; lastKnownFileType = sourcecode.c.h; path = ASIDataCompressor.h; sourceTree = "<group>"; };
		178C057018CF03BD004EADB1 /* ASIDataCompressor.m */ = {isa = PBXFileReference; fileEncoding = 4; lastKnownFileType = sourcecode.c.objc; path = ASIDataCompressor.m; sourceTree = "<group>"; };
		178C057118CF03BD004EADB1 /* ASIDataDecompressor.h */ = {isa = PBXFileReference; fileEncoding = 4; lastKnownFileType = sourcecode.c.h; path = ASIDataDecompressor.h; sourceTree = "<group>"; };
		178C057218CF03BD004EADB1 /* ASIDataDecompressor.m */ = {isa = PBXFileReference; fileEncoding = 4; lastKnownFileType = sourcecode.c.objc; path = ASIDataDecompressor.m; sourceTree = "<group>"; };
		178C057318CF03BD004EADB1 /* ASIDownloadCache.h */ = {isa = PBXFileReference; fileEncoding = 4; lastKnownFileType = sourcecode.c.h; path = ASIDownloadCache.h; sourceTree = "<group>"; };
		178C057418CF03BD004EADB1 /* ASIDownloadCache.m */ = {isa = PBXFileReference; fileEncoding = 4; lastKnownFileType = sourcecode.c.objc; path = ASIDownloadCache.m; sourceTree = "<group>"; };
		178C057518CF03BD004EADB1 /* ASIFormDataRequest.h */ = {isa = PBXFileReference; fileEncoding = 4; lastKnownFileType = sourcecode.c.h; path = ASIFormDataRequest.h; sourceTree = "<group>"; };
		178C057618CF03BD004EADB1 /* ASIFormDataRequest.m */ = {isa = PBXFileReference; fileEncoding = 4; lastKnownFileType = sourcecode.c.objc; path = ASIFormDataRequest.m; sourceTree = "<group>"; };
		178C057718CF03BD004EADB1 /* ASIHTTPRequest.h */ = {isa = PBXFileReference; fileEncoding = 4; lastKnownFileType = sourcecode.c.h; path = ASIHTTPRequest.h; sourceTree = "<group>"; };
		178C057818CF03BD004EADB1 /* ASIHTTPRequest.m */ = {isa = PBXFileReference; fileEncoding = 4; lastKnownFileType = sourcecode.c.objc; path = ASIHTTPRequest.m; sourceTree = "<group>"; };
		178C057918CF03BD004EADB1 /* ASIHTTPRequestConfig.h */ = {isa = PBXFileReference; fileEncoding = 4; lastKnownFileType = sourcecode.c.h; path = ASIHTTPRequestConfig.h; sourceTree = "<group>"; };
		178C057A18CF03BD004EADB1 /* ASIHTTPRequestDelegate.h */ = {isa = PBXFileReference; fileEncoding = 4; lastKnownFileType = sourcecode.c.h; path = ASIHTTPRequestDelegate.h; sourceTree = "<group>"; };
		178C057B18CF03BD004EADB1 /* ASIInputStream.h */ = {isa = PBXFileReference; fileEncoding = 4; lastKnownFileType = sourcecode.c.h; path = ASIInputStream.h; sourceTree = "<group>"; };
		178C057C18CF03BD004EADB1 /* ASIInputStream.m */ = {isa = PBXFileReference; fileEncoding = 4; lastKnownFileType = sourcecode.c.objc; path = ASIInputStream.m; sourceTree = "<group>"; };
		178C057D18CF03BD004EADB1 /* ASINetworkQueue.h */ = {isa = PBXFileReference; fileEncoding = 4; lastKnownFileType = sourcecode.c.h; path = ASINetworkQueue.h; sourceTree = "<group>"; };
		178C057E18CF03BD004EADB1 /* ASINetworkQueue.m */ = {isa = PBXFileReference; fileEncoding = 4; lastKnownFileType = sourcecode.c.objc; path = ASINetworkQueue.m; sourceTree = "<group>"; };
		178C057F18CF03BD004EADB1 /* ASIProgressDelegate.h */ = {isa = PBXFileReference; fileEncoding = 4; lastKnownFileType = sourcecode.c.h; path = ASIProgressDelegate.h; sourceTree = "<group>"; };
		178C058118CF03BD004EADB1 /* Reachability.h */ = {isa = PBXFileReference; fileEncoding = 4; lastKnownFileType = sourcecode.c.h; path = Reachability.h; sourceTree = "<group>"; };
		178C058218CF03BD004EADB1 /* Reachability.m */ = {isa = PBXFileReference; fileEncoding = 4; lastKnownFileType = sourcecode.c.objc; path = Reachability.m; sourceTree = "<group>"; };
		178C058C18CF0663004EADB1 /* libxml2.dylib */ = {isa = PBXFileReference; lastKnownFileType = "compiled.mach-o.dylib"; name = libxml2.dylib; path = usr/lib/libxml2.dylib; sourceTree = SDKROOT; };
		178C058E18CF06E2004EADB1 /* SystemConfiguration.framework */ = {isa = PBXFileReference; lastKnownFileType = wrapper.framework; name = SystemConfiguration.framework; path = System/Library/Frameworks/SystemConfiguration.framework; sourceTree = SDKROOT; };
		178C059018CF06F2004EADB1 /* libz.1.2.5.dylib */ = {isa = PBXFileReference; lastKnownFileType = "compiled.mach-o.dylib"; name = libz.1.2.5.dylib; path = usr/lib/libz.1.2.5.dylib; sourceTree = SDKROOT; };
		178C059218CF070A004EADB1 /* CFNetwork.framework */ = {isa = PBXFileReference; lastKnownFileType = wrapper.framework; name = CFNetwork.framework; path = System/Library/Frameworks/CFNetwork.framework; sourceTree = SDKROOT; };
		178C059418CF24FA004EADB1 /* QYVideoModule.h */ = {isa = PBXFileReference; fileEncoding = 4; lastKnownFileType = sourcecode.c.h; path = QYVideoModule.h; sourceTree = "<group>"; };
		178C059518CF24FA004EADB1 /* QYVideoModule.m */ = {isa = PBXFileReference; fileEncoding = 4; lastKnownFileType = sourcecode.c.objc; path = QYVideoModule.m; sourceTree = "<group>"; };
		178FA36718CE9F1100E7663F /* Icon-40.png */ = {isa = PBXFileReference; lastKnownFileType = image.png; path = "Icon-40.png"; sourceTree = "<group>"; };
		178FA36818CE9F1100E7663F /* Icon-40@2x.png */ = {isa = PBXFileReference; lastKnownFileType = image.png; path = "Icon-40@2x.png"; sourceTree = "<group>"; };
		178FA36918CE9F1100E7663F /* Icon-60.png */ = {isa = PBXFileReference; lastKnownFileType = image.png; path = "Icon-60.png"; sourceTree = "<group>"; };
		178FA36A18CE9F1100E7663F /* Icon-60@2x.png */ = {isa = PBXFileReference; lastKnownFileType = image.png; path = "Icon-60@2x.png"; sourceTree = "<group>"; };
		178FA36B18CE9F1100E7663F /* Icon-76.png */ = {isa = PBXFileReference; lastKnownFileType = image.png; path = "Icon-76.png"; sourceTree = "<group>"; };
		178FA36C18CE9F1100E7663F /* Icon-76@2x.png */ = {isa = PBXFileReference; lastKnownFileType = image.png; path = "Icon-76@2x.png"; sourceTree = "<group>"; };
		178FA36D18CE9F1100E7663F /* Icon-Small.png */ = {isa = PBXFileReference; lastKnownFileType = image.png; path = "Icon-Small.png"; sourceTree = "<group>"; };
		178FA36E18CE9F1100E7663F /* Icon-Small@2x.png */ = {isa = PBXFileReference; lastKnownFileType = image.png; path = "Icon-Small@2x.png"; sourceTree = "<group>"; };
		178FA36F18CE9F1100E7663F /* iTunesArtwork.png */ = {isa = PBXFileReference; lastKnownFileType = image.png; path = iTunesArtwork.png; sourceTree = "<group>"; };
		178FA37018CE9F1100E7663F /* iTunesArtwork@2x.png */ = {isa = PBXFileReference; lastKnownFileType = image.png; path = "iTunesArtwork@2x.png"; sourceTree = "<group>"; };
		178FA37218CE9F1100E7663F /* Icon-72.png */ = {isa = PBXFileReference; lastKnownFileType = image.png; path = "Icon-72.png"; sourceTree = "<group>"; };
		178FA37318CE9F1100E7663F /* Icon-72@2x.png */ = {isa = PBXFileReference; lastKnownFileType = image.png; path = "Icon-72@2x.png"; sourceTree = "<group>"; };
		178FA37418CE9F1100E7663F /* Icon-Small-50.png */ = {isa = PBXFileReference; lastKnownFileType = image.png; path = "Icon-Small-50.png"; sourceTree = "<group>"; };
		178FA37518CE9F1100E7663F /* Icon-Small-50@2x.png */ = {isa = PBXFileReference; lastKnownFileType = image.png; path = "Icon-Small-50@2x.png"; sourceTree = "<group>"; };
		178FA37618CE9F1100E7663F /* Icon-Small.png */ = {isa = PBXFileReference; lastKnownFileType = image.png; path = "Icon-Small.png"; sourceTree = "<group>"; };
		178FA37718CE9F1100E7663F /* Icon-Small@2x.png */ = {isa = PBXFileReference; lastKnownFileType = image.png; path = "Icon-Small@2x.png"; sourceTree = "<group>"; };
		178FA37818CE9F1100E7663F /* Icon.png */ = {isa = PBXFileReference; lastKnownFileType = image.png; path = Icon.png; sourceTree = "<group>"; };
		178FA37918CE9F1100E7663F /* Icon@2x.png */ = {isa = PBXFileReference; lastKnownFileType = image.png; path = "Icon@2x.png"; sourceTree = "<group>"; };
		178FA37A18CE9F1100E7663F /* iTunesArtwork.png */ = {isa = PBXFileReference; lastKnownFileType = image.png; path = iTunesArtwork.png; sourceTree = "<group>"; };
		178FA37B18CE9F1100E7663F /* iTunesArtwork@2x.png */ = {isa = PBXFileReference; lastKnownFileType = image.png; path = "iTunesArtwork@2x.png"; sourceTree = "<group>"; };
		178FA39418CEA8CE00E7663F /* tabbar_background@2x.png */ = {isa = PBXFileReference; lastKnownFileType = image.png; name = "tabbar_background@2x.png"; path = "image/tabbar_background@2x.png"; sourceTree = SOURCE_ROOT; };
		178FA39518CEA8CE00E7663F /* tabbar_background.png */ = {isa = PBXFileReference; lastKnownFileType = image.png; name = tabbar_background.png; path = image/tabbar_background.png; sourceTree = SOURCE_ROOT; };
		17AC815118CEB396005E397B /* navigationbar_bg@2x.png */ = {isa = PBXFileReference; lastKnownFileType = image.png; name = "navigationbar_bg@2x.png"; path = "image/navigationbar_bg@2x.png"; sourceTree = SOURCE_ROOT; };
		17AC815218CEB396005E397B /* navigationbar_bg.png */ = {isa = PBXFileReference; lastKnownFileType = image.png; name = navigationbar_bg.png; path = image/navigationbar_bg.png; sourceTree = SOURCE_ROOT; };
		17FBE47A18CDEFEC00F767A9 /* tabbar_home@2x.png */ = {isa = PBXFileReference; lastKnownFileType = image.png; name = "tabbar_home@2x.png"; path = "image/tabbar_home@2x.png"; sourceTree = SOURCE_ROOT; };
		17FBE47B18CDEFEC00F767A9 /* tabbar_home.png */ = {isa = PBXFileReference; lastKnownFileType = image.png; name = tabbar_home.png; path = image/tabbar_home.png; sourceTree = SOURCE_ROOT; };
		17FBE47C18CDEFEC00F767A9 /* tabbar_home_selected@2x.png */ = {isa = PBXFileReference; lastKnownFileType = image.png; name = "tabbar_home_selected@2x.png"; path = "image/tabbar_home_selected@2x.png"; sourceTree = SOURCE_ROOT; };
		17FBE47D18CDEFEC00F767A9 /* tabbar_home_selected.png */ = {isa = PBXFileReference; lastKnownFileType = image.png; name = tabbar_home_selected.png; path = image/tabbar_home_selected.png; sourceTree = SOURCE_ROOT; };
		17FBE47E18CDEFEC00F767A9 /* tabbar_home_highlighted@2x.png */ = {isa = PBXFileReference; lastKnownFileType = image.png; name = "tabbar_home_highlighted@2x.png"; path = "image/tabbar_home_highlighted@2x.png"; sourceTree = SOURCE_ROOT; };
		17FBE47F18CDEFEC00F767A9 /* tabbar_home_highlighted.png */ = {isa = PBXFileReference; lastKnownFileType = image.png; name = tabbar_home_highlighted.png; path = image/tabbar_home_highlighted.png; sourceTree = SOURCE_ROOT; };
		17FBE48018CDEFEC00F767A9 /* tabbar_discover@2x.png */ = {isa = PBXFileReference; lastKnownFileType = image.png; name = "tabbar_discover@2x.png"; path = "image/tabbar_discover@2x.png"; sourceTree = SOURCE_ROOT; };
		17FBE48118CDEFEC00F767A9 /* tabbar_discover.png */ = {isa = PBXFileReference; lastKnownFileType = image.png; name = tabbar_discover.png; path = image/tabbar_discover.png; sourceTree = SOURCE_ROOT; };
		17FBE48218CDEFEC00F767A9 /* tabbar_discover_selected@2x.png */ = {isa = PBXFileReference; lastKnownFileType = image.png; name = "tabbar_discover_selected@2x.png"; path = "image/tabbar_discover_selected@2x.png"; sourceTree = SOURCE_ROOT; };
		17FBE48318CDEFEC00F767A9 /* tabbar_discover_selected.png */ = {isa = PBXFileReference; lastKnownFileType = image.png; name = tabbar_discover_selected.png; path = image/tabbar_discover_selected.png; sourceTree = SOURCE_ROOT; };
		17FBE48418CDEFEC00F767A9 /* tabbar_discover_highlighted@2x.png */ = {isa = PBXFileReference; lastKnownFileType = image.png; name = "tabbar_discover_highlighted@2x.png"; path = "image/tabbar_discover_highlighted@2x.png"; sourceTree = SOURCE_ROOT; };
		17FBE48518CDEFEC00F767A9 /* tabbar_discover_highlighted.png */ = {isa = PBXFileReference; lastKnownFileType = image.png; name = tabbar_discover_highlighted.png; path = image/tabbar_discover_highlighted.png; sourceTree = SOURCE_ROOT; };
		17FBE49218CDEFFE00F767A9 /* tabbar_slider@2x.png */ = {isa = PBXFileReference; lastKnownFileType = image.png; name = "tabbar_slider@2x.png"; path = "image/tabbar_slider@2x.png"; sourceTree = SOURCE_ROOT; };
		17FBE49318CDEFFE00F767A9 /* tabbar_slider.png */ = {isa = PBXFileReference; lastKnownFileType = image.png; name = tabbar_slider.png; path = image/tabbar_slider.png; sourceTree = SOURCE_ROOT; };
		17FBE49418CDEFFE00F767A9 /* tabbar_profile@2x.png */ = {isa = PBXFileReference; lastKnownFileType = image.png; name = "tabbar_profile@2x.png"; path = "image/tabbar_profile@2x.png"; sourceTree = SOURCE_ROOT; };
		17FBE49518CDEFFE00F767A9 /* tabbar_profile.png */ = {isa = PBXFileReference; lastKnownFileType = image.png; name = tabbar_profile.png; path = image/tabbar_profile.png; sourceTree = SOURCE_ROOT; };
		17FBE49618CDEFFE00F767A9 /* tabbar_profile_selected@2x.png */ = {isa = PBXFileReference; lastKnownFileType = image.png; name = "tabbar_profile_selected@2x.png"; path = "image/tabbar_profile_selected@2x.png"; sourceTree = SOURCE_ROOT; };
		17FBE49718CDEFFE00F767A9 /* tabbar_profile_selected.png */ = {isa = PBXFileReference; lastKnownFileType = image.png; name = tabbar_profile_selected.png; path = image/tabbar_profile_selected.png; sourceTree = SOURCE_ROOT; };
		17FBE49818CDEFFE00F767A9 /* tabbar_profile_highlighted@2x.png */ = {isa = PBXFileReference; lastKnownFileType = image.png; name = "tabbar_profile_highlighted@2x.png"; path = "image/tabbar_profile_highlighted@2x.png"; sourceTree = SOURCE_ROOT; };
		17FBE49918CDEFFE00F767A9 /* tabbar_profile_highlighted.png */ = {isa = PBXFileReference; lastKnownFileType = image.png; name = tabbar_profile_highlighted.png; path = image/tabbar_profile_highlighted.png; sourceTree = SOURCE_ROOT; };
		17FBE49A18CDEFFE00F767A9 /* tabbar_more@2x.png */ = {isa = PBXFileReference; lastKnownFileType = image.png; name = "tabbar_more@2x.png"; path = "image/tabbar_more@2x.png"; sourceTree = SOURCE_ROOT; };
		17FBE49B18CDEFFE00F767A9 /* tabbar_more.png */ = {isa = PBXFileReference; lastKnownFileType = image.png; name = tabbar_more.png; path = image/tabbar_more.png; sourceTree = SOURCE_ROOT; };
		17FBE49C18CDEFFE00F767A9 /* tabbar_more_selected@2x.png */ = {isa = PBXFileReference; lastKnownFileType = image.png; name = "tabbar_more_selected@2x.png"; path = "image/tabbar_more_selected@2x.png"; sourceTree = SOURCE_ROOT; };
		17FBE49D18CDEFFE00F767A9 /* tabbar_more_selected.png */ = {isa = PBXFileReference; lastKnownFileType = image.png; name = tabbar_more_selected.png; path = image/tabbar_more_selected.png; sourceTree = SOURCE_ROOT; };
		17FBE49E18CDEFFE00F767A9 /* tabbar_more_highlighted@2x.png */ = {isa = PBXFileReference; lastKnownFileType = image.png; name = "tabbar_more_highlighted@2x.png"; path = "image/tabbar_more_highlighted@2x.png"; sourceTree = SOURCE_ROOT; };
		17FBE49F18CDEFFE00F767A9 /* tabbar_more_highlighted.png */ = {isa = PBXFileReference; lastKnownFileType = image.png; name = tabbar_more_highlighted.png; path = image/tabbar_more_highlighted.png; sourceTree = SOURCE_ROOT; };
		17FBE4B918CDF38400F767A9 /* UIViewExt.h */ = {isa = PBXFileReference; fileEncoding = 4; lastKnownFileType = sourcecode.c.h; path = UIViewExt.h; sourceTree = "<group>"; };
		17FBE4BA18CDF38400F767A9 /* UIViewExt.m */ = {isa = PBXFileReference; fileEncoding = 4; lastKnownFileType = sourcecode.c.objc; path = UIViewExt.m; sourceTree = "<group>"; };
/* End PBXFileReference section */

/* Begin PBXFrameworksBuildPhase section */
		17053CC418CD8BEF006228ED /* Frameworks */ = {
			isa = PBXFrameworksBuildPhase;
			buildActionMask = 2147483647;
			files = (
				17186DC518CFF16000679B01 /* MapKit.framework in Frameworks */,
				17186DC318CFF15800679B01 /* ImageIO.framework in Frameworks */,
				178C059318CF070A004EADB1 /* CFNetwork.framework in Frameworks */,
				178C059118CF06F2004EADB1 /* libz.1.2.5.dylib in Frameworks */,
				178C058F18CF06E2004EADB1 /* SystemConfiguration.framework in Frameworks */,
				178C058D18CF0663004EADB1 /* libxml2.dylib in Frameworks */,
				17053CCD18CD8BEF006228ED /* CoreGraphics.framework in Frameworks */,
				17053CCF18CD8BEF006228ED /* UIKit.framework in Frameworks */,
				17053CCB18CD8BEF006228ED /* Foundation.framework in Frameworks */,
			);
			runOnlyForDeploymentPostprocessing = 0;
		};
		17053CDF18CD8BEF006228ED /* Frameworks */ = {
			isa = PBXFrameworksBuildPhase;
			buildActionMask = 2147483647;
			files = (
				17053CE418CD8BEF006228ED /* XCTest.framework in Frameworks */,
				17053CE618CD8BEF006228ED /* UIKit.framework in Frameworks */,
				17053CE518CD8BEF006228ED /* Foundation.framework in Frameworks */,
			);
			runOnlyForDeploymentPostprocessing = 0;
		};
/* End PBXFrameworksBuildPhase section */

/* Begin PBXGroup section */
		17053CBE18CD8BEF006228ED = {
			isa = PBXGroup;
			children = (
				17053CD018CD8BEF006228ED /* QYMovieScanner */,
				17053CE918CD8BEF006228ED /* QYMovieScannerTests */,
				17053CC918CD8BEF006228ED /* Frameworks */,
				17053CC818CD8BEF006228ED /* Products */,
			);
			sourceTree = "<group>";
		};
		17053CC818CD8BEF006228ED /* Products */ = {
			isa = PBXGroup;
			children = (
				17053CC718CD8BEF006228ED /* QYMovieScanner.app */,
				17053CE218CD8BEF006228ED /* QYMovieScannerTests.xctest */,
			);
			name = Products;
			sourceTree = "<group>";
		};
		17053CC918CD8BEF006228ED /* Frameworks */ = {
			isa = PBXGroup;
			children = (
				17186DC418CFF16000679B01 /* MapKit.framework */,
				17186DC218CFF15800679B01 /* ImageIO.framework */,
				178C058C18CF0663004EADB1 /* libxml2.dylib */,
				178C059018CF06F2004EADB1 /* libz.1.2.5.dylib */,
				178C059218CF070A004EADB1 /* CFNetwork.framework */,
				178C058E18CF06E2004EADB1 /* SystemConfiguration.framework */,
				17053CCA18CD8BEF006228ED /* Foundation.framework */,
				17053CCC18CD8BEF006228ED /* CoreGraphics.framework */,
				17053CCE18CD8BEF006228ED /* UIKit.framework */,
				17053CE318CD8BEF006228ED /* XCTest.framework */,
			);
			name = Frameworks;
			sourceTree = "<group>";
		};
		17053CD018CD8BEF006228ED /* QYMovieScanner */ = {
			isa = PBXGroup;
			children = (
				17186DBC18CFF05900679B01 /* 1.jpg */,
				17186DBD18CFF05900679B01 /* 2.jpg */,
				17186DBE18CFF05900679B01 /* 3.jpg */,
				17053D3918CDBB08006228ED /* image */,
				17053CFC18CD8CC6006228ED /* utils */,
				17053CFE18CD8CC6006228ED /* views */,
				17053CFA18CD8CC6006228ED /* baseViews */,
				17053CFB18CD8CC6006228ED /* modules */,
				17053CFD18CD8CC6006228ED /* viewControllers */,
				17053CD918CD8BEF006228ED /* QYAppDelegate.h */,
				17053CDA18CD8BEF006228ED /* QYAppDelegate.m */,
				17053D3E18CDC420006228ED /* QYMainViewController.h */,
				17053D3F18CDC420006228ED /* QYMainViewController.m */,
				17053CDC18CD8BEF006228ED /* Images.xcassets */,
				17053CD118CD8BEF006228ED /* Supporting Files */,
			);
			path = QYMovieScanner;
			sourceTree = "<group>";
		};
		17053CD118CD8BEF006228ED /* Supporting Files */ = {
			isa = PBXGroup;
			children = (
				1736D3AC18CEBC8000401DC3 /* tmp.rtf */,
				17053CD218CD8BEF006228ED /* QYMovieScanner-Info.plist */,
				17053CD318CD8BEF006228ED /* InfoPlist.strings */,
				17053CD618CD8BEF006228ED /* main.m */,
				17053CD818CD8BEF006228ED /* QYMovieScanner-Prefix.pch */,
			);
			name = "Supporting Files";
			sourceTree = "<group>";
		};
		17053CE918CD8BEF006228ED /* QYMovieScannerTests */ = {
			isa = PBXGroup;
			children = (
				17053CEF18CD8BEF006228ED /* QYMovieScannerTests.m */,
				17053CEA18CD8BEF006228ED /* Supporting Files */,
			);
			path = QYMovieScannerTests;
			sourceTree = "<group>";
		};
		17053CEA18CD8BEF006228ED /* Supporting Files */ = {
			isa = PBXGroup;
			children = (
				17053CEB18CD8BEF006228ED /* QYMovieScannerTests-Info.plist */,
				17053CEC18CD8BEF006228ED /* InfoPlist.strings */,
			);
			name = "Supporting Files";
			sourceTree = "<group>";
		};
		17053CFA18CD8CC6006228ED /* baseViews */ = {
			isa = PBXGroup;
			children = (
				17053D3318CD8D60006228ED /* QYBaseView.h */,
				17053D3418CD8D60006228ED /* QYBaseView.m */,
				17053D3618CD8D75006228ED /* QYBaseViewController.h */,
				17053D3718CD8D75006228ED /* QYBaseViewController.m */,
				1751EC2B18CDDE58004D8C3C /* QYBaseNavigationController.h */,
				1751EC2C18CDDE58004D8C3C /* QYBaseNavigationController.m */,
			);
			path = baseViews;
			sourceTree = "<group>";
		};
		17053CFB18CD8CC6006228ED /* modules */ = {
			isa = PBXGroup;
			children = (
				176508E018CEEBBA00AC43FC /* QYHttpRequestManager.h */,
				176508E118CEEBBA00AC43FC /* QYHttpRequestManager.m */,
				178C059418CF24FA004EADB1 /* QYVideoModule.h */,
				178C059518CF24FA004EADB1 /* QYVideoModule.m */,
			);
			path = modules;
			sourceTree = "<group>";
		};
		17053CFC18CD8CC6006228ED /* utils */ = {
			isa = PBXGroup;
			children = (
				17186DCA18CFF1A000679B01 /* EScrollerView */,
				178C056B18CF03BD004EADB1 /* ASIHTTPRequest */,
				176508CF18CEEB4400AC43FC /* SBJson */,
				17FBE4B918CDF38400F767A9 /* UIViewExt.h */,
				17FBE4BA18CDF38400F767A9 /* UIViewExt.m */,
				17053D1C18CD8D39006228ED /* EGOTableViewPullRefresh */,
				17053CFF18CD8D15006228ED /* SDWebImageView */,
			);
			path = utils;
			sourceTree = "<group>";
		};
		17053CFD18CD8CC6006228ED /* viewControllers */ = {
			isa = PBXGroup;
			children = (
				17053D4418CDC4C1006228ED /* category */,
				17053D4318CDC4B1006228ED /* profile */,
				17053D4218CDC4A9006228ED /* search */,
				17053D4118CDC49B006228ED /* home */,
			);
			path = viewControllers;
			sourceTree = "<group>";
		};
		17053CFE18CD8CC6006228ED /* views */ = {
			isa = PBXGroup;
			children = (
			);
			path = views;
			sourceTree = "<group>";
		};
		17053CFF18CD8D15006228ED /* SDWebImageView */ = {
			isa = PBXGroup;
			children = (
				17053D0018CD8D15006228ED /* MKAnnotationView+WebCache.h */,
				17053D0118CD8D15006228ED /* MKAnnotationView+WebCache.m */,
				17053D0218CD8D15006228ED /* SDImageCache.h */,
				17053D0318CD8D15006228ED /* SDImageCache.m */,
				17053D0418CD8D15006228ED /* SDImageCacheDelegate.h */,
				17053D0518CD8D15006228ED /* SDWebImageCompat.h */,
				17053D0618CD8D15006228ED /* SDWebImageDecoder.h */,
				17053D0718CD8D15006228ED /* SDWebImageDecoder.m */,
				17053D0818CD8D15006228ED /* SDWebImageDownloader.h */,
				17053D0918CD8D15006228ED /* SDWebImageDownloader.m */,
				17053D0A18CD8D15006228ED /* SDWebImageDownloaderDelegate.h */,
				17053D0B18CD8D15006228ED /* SDWebImageManager.h */,
				17053D0C18CD8D15006228ED /* SDWebImageManager.m */,
				17053D0D18CD8D15006228ED /* SDWebImageManagerDelegate.h */,
				17053D0E18CD8D15006228ED /* SDWebImagePrefetcher.h */,
				17053D0F18CD8D15006228ED /* SDWebImagePrefetcher.m */,
				17053D1018CD8D15006228ED /* UIButton+WebCache.h */,
				17053D1118CD8D15006228ED /* UIButton+WebCache.m */,
				17053D1218CD8D15006228ED /* UIImageView+WebCache.h */,
				17053D1318CD8D15006228ED /* UIImageView+WebCache.m */,
			);
			path = SDWebImageView;
			sourceTree = "<group>";
		};
		17053D1C18CD8D39006228ED /* EGOTableViewPullRefresh */ = {
			isa = PBXGroup;
			children = (
				17053D1D18CD8D39006228ED /* Classes */,
				17053D2118CD8D39006228ED /* Resources */,
			);
			path = EGOTableViewPullRefresh;
			sourceTree = "<group>";
		};
		17053D1D18CD8D39006228ED /* Classes */ = {
			isa = PBXGroup;
			children = (
				17053D1E18CD8D39006228ED /* View */,
			);
			path = Classes;
			sourceTree = "<group>";
		};
		17053D1E18CD8D39006228ED /* View */ = {
			isa = PBXGroup;
			children = (
				17053D1F18CD8D39006228ED /* EGORefreshTableHeaderView.h */,
				17053D2018CD8D39006228ED /* EGORefreshTableHeaderView.m */,
			);
			path = View;
			sourceTree = "<group>";
		};
		17053D2118CD8D39006228ED /* Resources */ = {
			isa = PBXGroup;
			children = (
				17053D2218CD8D39006228ED /* blackArrow.png */,
				17053D2318CD8D39006228ED /* blackArrow@2x.png */,
				17053D2418CD8D39006228ED /* blueArrow.png */,
				17053D2518CD8D39006228ED /* blueArrow@2x.png */,
				17053D2618CD8D39006228ED /* grayArrow.png */,
				17053D2718CD8D39006228ED /* grayArrow@2x.png */,
				17053D2818CD8D39006228ED /* whiteArrow.png */,
				17053D2918CD8D39006228ED /* whiteArrow@2x.png */,
			);
			path = Resources;
			sourceTree = "<group>";
		};
		17053D3918CDBB08006228ED /* image */ = {
			isa = PBXGroup;
			children = (
				178FA36618CE9F1100E7663F /* iOS 7 */,
				178FA37118CE9F1100E7663F /* iOS 6 */,
				17FBE49218CDEFFE00F767A9 /* tabbar_slider@2x.png */,
				17FBE49318CDEFFE00F767A9 /* tabbar_slider.png */,
				17AC815118CEB396005E397B /* navigationbar_bg@2x.png */,
				17AC815218CEB396005E397B /* navigationbar_bg.png */,
				178FA39418CEA8CE00E7663F /* tabbar_background@2x.png */,
				178FA39518CEA8CE00E7663F /* tabbar_background.png */,
				17FBE49418CDEFFE00F767A9 /* tabbar_profile@2x.png */,
				17FBE49518CDEFFE00F767A9 /* tabbar_profile.png */,
				17FBE49618CDEFFE00F767A9 /* tabbar_profile_selected@2x.png */,
				17FBE49718CDEFFE00F767A9 /* tabbar_profile_selected.png */,
				17FBE49818CDEFFE00F767A9 /* tabbar_profile_highlighted@2x.png */,
				17FBE49918CDEFFE00F767A9 /* tabbar_profile_highlighted.png */,
				17FBE49A18CDEFFE00F767A9 /* tabbar_more@2x.png */,
				17FBE49B18CDEFFE00F767A9 /* tabbar_more.png */,
				17FBE49C18CDEFFE00F767A9 /* tabbar_more_selected@2x.png */,
				17FBE49D18CDEFFE00F767A9 /* tabbar_more_selected.png */,
				17FBE49E18CDEFFE00F767A9 /* tabbar_more_highlighted@2x.png */,
				17FBE49F18CDEFFE00F767A9 /* tabbar_more_highlighted.png */,
				17FBE47A18CDEFEC00F767A9 /* tabbar_home@2x.png */,
				17FBE47B18CDEFEC00F767A9 /* tabbar_home.png */,
				17FBE47C18CDEFEC00F767A9 /* tabbar_home_selected@2x.png */,
				17FBE47D18CDEFEC00F767A9 /* tabbar_home_selected.png */,
				17FBE47E18CDEFEC00F767A9 /* tabbar_home_highlighted@2x.png */,
				17FBE47F18CDEFEC00F767A9 /* tabbar_home_highlighted.png */,
				17FBE48018CDEFEC00F767A9 /* tabbar_discover@2x.png */,
				17FBE48118CDEFEC00F767A9 /* tabbar_discover.png */,
				17FBE48218CDEFEC00F767A9 /* tabbar_discover_selected@2x.png */,
				17FBE48318CDEFEC00F767A9 /* tabbar_discover_selected.png */,
				17FBE48418CDEFEC00F767A9 /* tabbar_discover_highlighted@2x.png */,
				17FBE48518CDEFEC00F767A9 /* tabbar_discover_highlighted.png */,
			);
			path = image;
			sourceTree = "<group>";
		};
		17053D4118CDC49B006228ED /* home */ = {
			isa = PBXGroup;
			children = (
				1751EC2818CDDD9E004D8C3C /* QYHomeViewController.h */,
				1751EC2918CDDD9E004D8C3C /* QYHomeViewController.m */,
			);
			name = home;
			sourceTree = "<group>";
		};
		17053D4218CDC4A9006228ED /* search */ = {
			isa = PBXGroup;
			children = (
				1751EC2518CDDD91004D8C3C /* QYSearchViewController.h */,
				1751EC2618CDDD91004D8C3C /* QYSearchViewController.m */,
			);
			name = search;
			sourceTree = "<group>";
		};
		17053D4318CDC4B1006228ED /* profile */ = {
			isa = PBXGroup;
			children = (
				1751EC2218CDDD7D004D8C3C /* QYProfileViewController.h */,
				1751EC2318CDDD7D004D8C3C /* QYProfileViewController.m */,
			);
			name = profile;
			sourceTree = "<group>";
		};
		17053D4418CDC4C1006228ED /* category */ = {
			isa = PBXGroup;
			children = (
				1751EC1F18CDDD69004D8C3C /* QYCategoryViewController.h */,
				1751EC2018CDDD69004D8C3C /* QYCategoryViewController.m */,
			);
			name = category;
			sourceTree = "<group>";
		};
		17186DCA18CFF1A000679B01 /* EScrollerView */ = {
			isa = PBXGroup;
			children = (
				17186DCB18CFF21B00679B01 /* EScrollerView.h */,
				17186DCC18CFF21B00679B01 /* EScrollerView.m */,
			);
			path = EScrollerView;
			sourceTree = "<group>";
		};
		176508CF18CEEB4400AC43FC /* SBJson */ = {
			isa = PBXGroup;
			children = (
				176508D018CEEB4400AC43FC /* JSON.h */,
				176508D118CEEB4400AC43FC /* NSObject+SBJSON.h */,
				176508D218CEEB4400AC43FC /* NSObject+SBJSON.m */,
				176508D318CEEB4400AC43FC /* NSString+SBJSON.h */,
				176508D418CEEB4400AC43FC /* NSString+SBJSON.m */,
				176508D518CEEB4400AC43FC /* SBJsonBase.h */,
				176508D618CEEB4400AC43FC /* SBJsonBase.m */,
				176508D718CEEB4400AC43FC /* SBJsonParser.h */,
				176508D818CEEB4400AC43FC /* SBJsonParser.m */,
				176508D918CEEB4400AC43FC /* SBJsonWriter.h */,
				176508DA18CEEB4400AC43FC /* SBJsonWriter.m */,
			);
			path = SBJson;
			sourceTree = "<group>";
		};
		178C056B18CF03BD004EADB1 /* ASIHTTPRequest */ = {
			isa = PBXGroup;
			children = (
				178C056C18CF03BD004EADB1 /* ASIAuthenticationDialog.h */,
				178C056D18CF03BD004EADB1 /* ASIAuthenticationDialog.m */,
				178C056E18CF03BD004EADB1 /* ASICacheDelegate.h */,
				178C056F18CF03BD004EADB1 /* ASIDataCompressor.h */,
				178C057018CF03BD004EADB1 /* ASIDataCompressor.m */,
				178C057118CF03BD004EADB1 /* ASIDataDecompressor.h */,
				178C057218CF03BD004EADB1 /* ASIDataDecompressor.m */,
				178C057318CF03BD004EADB1 /* ASIDownloadCache.h */,
				178C057418CF03BD004EADB1 /* ASIDownloadCache.m */,
				178C057518CF03BD004EADB1 /* ASIFormDataRequest.h */,
				178C057618CF03BD004EADB1 /* ASIFormDataRequest.m */,
				178C057718CF03BD004EADB1 /* ASIHTTPRequest.h */,
				178C057818CF03BD004EADB1 /* ASIHTTPRequest.m */,
				178C057918CF03BD004EADB1 /* ASIHTTPRequestConfig.h */,
				178C057A18CF03BD004EADB1 /* ASIHTTPRequestDelegate.h */,
				178C057B18CF03BD004EADB1 /* ASIInputStream.h */,
				178C057C18CF03BD004EADB1 /* ASIInputStream.m */,
				178C057D18CF03BD004EADB1 /* ASINetworkQueue.h */,
				178C057E18CF03BD004EADB1 /* ASINetworkQueue.m */,
				178C057F18CF03BD004EADB1 /* ASIProgressDelegate.h */,
				178C058018CF03BD004EADB1 /* Reachability */,
			);
			path = ASIHTTPRequest;
			sourceTree = "<group>";
		};
		178C058018CF03BD004EADB1 /* Reachability */ = {
			isa = PBXGroup;
			children = (
				178C058118CF03BD004EADB1 /* Reachability.h */,
				178C058218CF03BD004EADB1 /* Reachability.m */,
			);
			path = Reachability;
			sourceTree = "<group>";
		};
		178FA36618CE9F1100E7663F /* iOS 7 */ = {
			isa = PBXGroup;
			children = (
				178FA36718CE9F1100E7663F /* Icon-40.png */,
				178FA36818CE9F1100E7663F /* Icon-40@2x.png */,
				178FA36918CE9F1100E7663F /* Icon-60.png */,
				178FA36A18CE9F1100E7663F /* Icon-60@2x.png */,
				178FA36B18CE9F1100E7663F /* Icon-76.png */,
				178FA36C18CE9F1100E7663F /* Icon-76@2x.png */,
				178FA36D18CE9F1100E7663F /* Icon-Small.png */,
				178FA36E18CE9F1100E7663F /* Icon-Small@2x.png */,
				178FA36F18CE9F1100E7663F /* iTunesArtwork.png */,
				178FA37018CE9F1100E7663F /* iTunesArtwork@2x.png */,
			);
			name = "iOS 7";
			path = "image/iOS 7";
			sourceTree = SOURCE_ROOT;
		};
		178FA37118CE9F1100E7663F /* iOS 6 */ = {
			isa = PBXGroup;
			children = (
				178FA37218CE9F1100E7663F /* Icon-72.png */,
				178FA37318CE9F1100E7663F /* Icon-72@2x.png */,
				178FA37418CE9F1100E7663F /* Icon-Small-50.png */,
				178FA37518CE9F1100E7663F /* Icon-Small-50@2x.png */,
				178FA37618CE9F1100E7663F /* Icon-Small.png */,
				178FA37718CE9F1100E7663F /* Icon-Small@2x.png */,
				178FA37818CE9F1100E7663F /* Icon.png */,
				178FA37918CE9F1100E7663F /* Icon@2x.png */,
				178FA37A18CE9F1100E7663F /* iTunesArtwork.png */,
				178FA37B18CE9F1100E7663F /* iTunesArtwork@2x.png */,
			);
			name = "iOS 6";
			path = "image/iOS 6";
			sourceTree = SOURCE_ROOT;
		};
/* End PBXGroup section */

/* Begin PBXNativeTarget section */
		17053CC618CD8BEF006228ED /* QYMovieScanner */ = {
			isa = PBXNativeTarget;
			buildConfigurationList = 17053CF318CD8BEF006228ED /* Build configuration list for PBXNativeTarget "QYMovieScanner" */;
			buildPhases = (
				17053CC318CD8BEF006228ED /* Sources */,
				17053CC418CD8BEF006228ED /* Frameworks */,
				17053CC518CD8BEF006228ED /* Resources */,
				17053CF918CD8C02006228ED /* ShellScript */,
			);
			buildRules = (
			);
			dependencies = (
			);
			name = QYMovieScanner;
			productName = QYMovieScanner;
			productReference = 17053CC718CD8BEF006228ED /* QYMovieScanner.app */;
			productType = "com.apple.product-type.application";
		};
		17053CE118CD8BEF006228ED /* QYMovieScannerTests */ = {
			isa = PBXNativeTarget;
			buildConfigurationList = 17053CF618CD8BEF006228ED /* Build configuration list for PBXNativeTarget "QYMovieScannerTests" */;
			buildPhases = (
				17053CDE18CD8BEF006228ED /* Sources */,
				17053CDF18CD8BEF006228ED /* Frameworks */,
				17053CE018CD8BEF006228ED /* Resources */,
			);
			buildRules = (
			);
			dependencies = (
				17053CE818CD8BEF006228ED /* PBXTargetDependency */,
			);
			name = QYMovieScannerTests;
			productName = QYMovieScannerTests;
			productReference = 17053CE218CD8BEF006228ED /* QYMovieScannerTests.xctest */;
			productType = "com.apple.product-type.bundle.unit-test";
		};
/* End PBXNativeTarget section */

/* Begin PBXProject section */
		17053CBF18CD8BEF006228ED /* Project object */ = {
			isa = PBXProject;
			attributes = {
				CLASSPREFIX = QY;
				LastUpgradeCheck = 0500;
				ORGANIZATIONNAME = freeDev;
				TargetAttributes = {
					17053CE118CD8BEF006228ED = {
						TestTargetID = 17053CC618CD8BEF006228ED;
					};
				};
			};
			buildConfigurationList = 17053CC218CD8BEF006228ED /* Build configuration list for PBXProject "QYMovieScanner" */;
			compatibilityVersion = "Xcode 3.2";
			developmentRegion = English;
			hasScannedForEncodings = 0;
			knownRegions = (
				en,
			);
			mainGroup = 17053CBE18CD8BEF006228ED;
			productRefGroup = 17053CC818CD8BEF006228ED /* Products */;
			projectDirPath = "";
			projectRoot = "";
			targets = (
				17053CC618CD8BEF006228ED /* QYMovieScanner */,
				17053CE118CD8BEF006228ED /* QYMovieScannerTests */,
			);
		};
/* End PBXProject section */

/* Begin PBXResourcesBuildPhase section */
		17053CC518CD8BEF006228ED /* Resources */ = {
			isa = PBXResourcesBuildPhase;
			buildActionMask = 2147483647;
			files = (
				17053D2E18CD8D39006228ED /* blueArrow@2x.png in Resources */,
				17FBE48C18CDEFEC00F767A9 /* tabbar_discover@2x.png in Resources */,
				17FBE48E18CDEFEC00F767A9 /* tabbar_discover_selected@2x.png in Resources */,
				178FA38018CE9F1100E7663F /* Icon-76.png in Resources */,
				17FBE4A918CDEFFE00F767A9 /* tabbar_more.png in Resources */,
				178FA38A18CE9F1100E7663F /* Icon-Small.png in Resources */,
				17FBE4AB18CDEFFE00F767A9 /* tabbar_more_selected.png in Resources */,
				17186DC118CFF05900679B01 /* 3.jpg in Resources */,
				178FA37E18CE9F1100E7663F /* Icon-60.png in Resources */,
				178FA38E18CE9F1100E7663F /* iTunesArtwork.png in Resources */,
				178FA38D18CE9F1100E7663F /* Icon@2x.png in Resources */,
				178FA38218CE9F1100E7663F /* Icon-Small.png in Resources */,
				17053CD518CD8BEF006228ED /* InfoPlist.strings in Resources */,
				17FBE4AC18CDEFFE00F767A9 /* tabbar_more_highlighted@2x.png in Resources */,
				178FA37C18CE9F1100E7663F /* Icon-40.png in Resources */,
				17FBE4A318CDEFFE00F767A9 /* tabbar_profile.png in Resources */,
				178FA38318CE9F1100E7663F /* Icon-Small@2x.png in Resources */,
				17053D3218CD8D39006228ED /* whiteArrow@2x.png in Resources */,
				17FBE4A818CDEFFE00F767A9 /* tabbar_more@2x.png in Resources */,
				178FA38F18CE9F1100E7663F /* iTunesArtwork@2x.png in Resources */,
				17FBE4A118CDEFFE00F767A9 /* tabbar_slider.png in Resources */,
				178FA39D18CEAC7400E7663F /* Images.xcassets in Resources */,
				17FBE4AA18CDEFFE00F767A9 /* tabbar_more_selected@2x.png in Resources */,
				17FBE4A618CDEFFE00F767A9 /* tabbar_profile_highlighted@2x.png in Resources */,
				17AC815318CEB396005E397B /* navigationbar_bg@2x.png in Resources */,
				178FA38518CE9F1100E7663F /* iTunesArtwork@2x.png in Resources */,
				178FA39618CEA8CE00E7663F /* tabbar_background@2x.png in Resources */,
				17FBE48718CDEFEC00F767A9 /* tabbar_home.png in Resources */,
				178FA37F18CE9F1100E7663F /* Icon-60@2x.png in Resources */,
				178FA38918CE9F1100E7663F /* Icon-Small-50@2x.png in Resources */,
				17053D2B18CD8D39006228ED /* blackArrow.png in Resources */,
				17186DC018CFF05900679B01 /* 2.jpg in Resources */,
				17053D3018CD8D39006228ED /* grayArrow@2x.png in Resources */,
				17FBE48918CDEFEC00F767A9 /* tabbar_home_selected.png in Resources */,
				17FBE4AD18CDEFFE00F767A9 /* tabbar_more_highlighted.png in Resources */,
				178FA38618CE9F1100E7663F /* Icon-72.png in Resources */,
				178FA38418CE9F1100E7663F /* iTunesArtwork.png in Resources */,
				17FBE4A718CDEFFE00F767A9 /* tabbar_profile_highlighted.png in Resources */,
				17FBE48818CDEFEC00F767A9 /* tabbar_home_selected@2x.png in Resources */,
				17FBE4A018CDEFFE00F767A9 /* tabbar_slider@2x.png in Resources */,
				17053D2D18CD8D39006228ED /* blueArrow.png in Resources */,
				178FA38718CE9F1100E7663F /* Icon-72@2x.png in Resources */,
				17FBE49118CDEFEC00F767A9 /* tabbar_discover_highlighted.png in Resources */,
				17FBE4A518CDEFFE00F767A9 /* tabbar_profile_selected.png in Resources */,
				17FBE48A18CDEFEC00F767A9 /* tabbar_home_highlighted@2x.png in Resources */,
				178FA39718CEA8CE00E7663F /* tabbar_background.png in Resources */,
				17AC815418CEB396005E397B /* navigationbar_bg.png in Resources */,
				178FA38B18CE9F1100E7663F /* Icon-Small@2x.png in Resources */,
				17FBE48F18CDEFEC00F767A9 /* tabbar_discover_selected.png in Resources */,
				178FA37D18CE9F1100E7663F /* Icon-40@2x.png in Resources */,
				17FBE48B18CDEFEC00F767A9 /* tabbar_home_highlighted.png in Resources */,
				17053D2C18CD8D39006228ED /* blackArrow@2x.png in Resources */,
				1736D3AD18CEBC8000401DC3 /* tmp.rtf in Resources */,
				17053D2F18CD8D39006228ED /* grayArrow.png in Resources */,
				17FBE49018CDEFEC00F767A9 /* tabbar_discover_highlighted@2x.png in Resources */,
				17FBE4A418CDEFFE00F767A9 /* tabbar_profile_selected@2x.png in Resources */,
				178FA38118CE9F1100E7663F /* Icon-76@2x.png in Resources */,
				17186DBF18CFF05900679B01 /* 1.jpg in Resources */,
				178FA38818CE9F1100E7663F /* Icon-Small-50.png in Resources */,
				17FBE4A218CDEFFE00F767A9 /* tabbar_profile@2x.png in Resources */,
				17FBE48D18CDEFEC00F767A9 /* tabbar_discover.png in Resources */,
				17053D3118CD8D39006228ED /* whiteArrow.png in Resources */,
				178FA38C18CE9F1100E7663F /* Icon.png in Resources */,
				17FBE48618CDEFEC00F767A9 /* tabbar_home@2x.png in Resources */,
			);
			runOnlyForDeploymentPostprocessing = 0;
		};
		17053CE018CD8BEF006228ED /* Resources */ = {
			isa = PBXResourcesBuildPhase;
			buildActionMask = 2147483647;
			files = (
				17053CEE18CD8BEF006228ED /* InfoPlist.strings in Resources */,
			);
			runOnlyForDeploymentPostprocessing = 0;
		};
/* End PBXResourcesBuildPhase section */

/* Begin PBXShellScriptBuildPhase section */
		17053CF918CD8C02006228ED /* ShellScript */ = {
			isa = PBXShellScriptBuildPhase;
			buildActionMask = 2147483647;
			files = (
			);
			inputPaths = (
			);
			outputPaths = (
			);
			runOnlyForDeploymentPostprocessing = 0;
			shellPath = /bin/sh;
			shellScript = "KEYWORDS=\"TODO:|FIXME:|\\?\\?\\?:|\\!\\!\\!:\"\nfind \"${SRCROOT}\" \\( -name \"*.h\" -or -name \"*.m\" \\) -print0 | xargs -0 egrep --with-filename --line-number --only-matching \"($KEYWORDS).*\\$\" | perl -p -e \"s/($KEYWORDS)/ warning: \\$1/\"\n";
		};
/* End PBXShellScriptBuildPhase section */

/* Begin PBXSourcesBuildPhase section */
		17053CC318CD8BEF006228ED /* Sources */ = {
			isa = PBXSourcesBuildPhase;
			buildActionMask = 2147483647;
			files = (
				17053CDB18CD8BEF006228ED /* QYAppDelegate.m in Sources */,
				176508DD18CEEB4400AC43FC /* SBJsonBase.m in Sources */,
				178C058618CF03BD004EADB1 /* ASIDownloadCache.m in Sources */,
				178C058418CF03BD004EADB1 /* ASIDataCompressor.m in Sources */,
				178C058718CF03BD004EADB1 /* ASIFormDataRequest.m in Sources */,
				176508E218CEEBBA00AC43FC /* QYHttpRequestManager.m in Sources */,
				17053D1918CD8D15006228ED /* SDWebImagePrefetcher.m in Sources */,
				17053D1B18CD8D15006228ED /* UIImageView+WebCache.m in Sources */,
				176508DE18CEEB4400AC43FC /* SBJsonParser.m in Sources */,
				178C059618CF24FA004EADB1 /* QYVideoModule.m in Sources */,
				17053D1818CD8D15006228ED /* SDWebImageManager.m in Sources */,
				1751EC2D18CDDE58004D8C3C /* QYBaseNavigationController.m in Sources */,
				17053CD718CD8BEF006228ED /* main.m in Sources */,
				1751EC2A18CDDD9E004D8C3C /* QYHomeViewController.m in Sources */,
				17FBE4BB18CDF38400F767A9 /* UIViewExt.m in Sources */,
				17186DCD18CFF21B00679B01 /* EScrollerView.m in Sources */,
				176508DC18CEEB4400AC43FC /* NSString+SBJSON.m in Sources */,
				176508DF18CEEB4400AC43FC /* SBJsonWriter.m in Sources */,
				17053D1618CD8D15006228ED /* SDWebImageDecoder.m in Sources */,
				178C058818CF03BD004EADB1 /* ASIHTTPRequest.m in Sources */,
				17053D1418CD8D15006228ED /* MKAnnotationView+WebCache.m in Sources */,
				17053D3518CD8D60006228ED /* QYBaseView.m in Sources */,
				1751EC2718CDDD91004D8C3C /* QYSearchViewController.m in Sources */,
				176508DB18CEEB4400AC43FC /* NSObject+SBJSON.m in Sources */,
				1751EC2118CDDD69004D8C3C /* QYCategoryViewController.m in Sources */,
				17053D2A18CD8D39006228ED /* EGORefreshTableHeaderView.m in Sources */,
				178C058B18CF03BD004EADB1 /* Reachability.m in Sources */,
				17053D3818CD8D75006228ED /* QYBaseViewController.m in Sources */,
				1751EC2418CDDD7D004D8C3C /* QYProfileViewController.m in Sources */,
				178C058318CF03BD004EADB1 /* ASIAuthenticationDialog.m in Sources */,
				17053D1718CD8D15006228ED /* SDWebImageDownloader.m in Sources */,
				17053D1A18CD8D15006228ED /* UIButton+WebCache.m in Sources */,
				178C058918CF03BD004EADB1 /* ASIInputStream.m in Sources */,
				17053D1518CD8D15006228ED /* SDImageCache.m in Sources */,
				17053D4018CDC420006228ED /* QYMainViewController.m in Sources */,
				178C058A18CF03BD004EADB1 /* ASINetworkQueue.m in Sources */,
				178C058518CF03BD004EADB1 /* ASIDataDecompressor.m in Sources */,
			);
			runOnlyForDeploymentPostprocessing = 0;
		};
		17053CDE18CD8BEF006228ED /* Sources */ = {
			isa = PBXSourcesBuildPhase;
			buildActionMask = 2147483647;
			files = (
				17053CF018CD8BEF006228ED /* QYMovieScannerTests.m in Sources */,
			);
			runOnlyForDeploymentPostprocessing = 0;
		};
/* End PBXSourcesBuildPhase section */

/* Begin PBXTargetDependency section */
		17053CE818CD8BEF006228ED /* PBXTargetDependency */ = {
			isa = PBXTargetDependency;
			target = 17053CC618CD8BEF006228ED /* QYMovieScanner */;
			targetProxy = 17053CE718CD8BEF006228ED /* PBXContainerItemProxy */;
		};
/* End PBXTargetDependency section */

/* Begin PBXVariantGroup section */
		17053CD318CD8BEF006228ED /* InfoPlist.strings */ = {
			isa = PBXVariantGroup;
			children = (
				17053CD418CD8BEF006228ED /* en */,
			);
			name = InfoPlist.strings;
			sourceTree = "<group>";
		};
		17053CEC18CD8BEF006228ED /* InfoPlist.strings */ = {
			isa = PBXVariantGroup;
			children = (
				17053CED18CD8BEF006228ED /* en */,
			);
			name = InfoPlist.strings;
			sourceTree = "<group>";
		};
/* End PBXVariantGroup section */

/* Begin XCBuildConfiguration section */
		17053CF118CD8BEF006228ED /* Debug */ = {
			isa = XCBuildConfiguration;
			buildSettings = {
				ALWAYS_SEARCH_USER_PATHS = NO;
				ARCHS = "$(ARCHS_STANDARD_INCLUDING_64_BIT)";
				CLANG_CXX_LANGUAGE_STANDARD = "gnu++0x";
				CLANG_CXX_LIBRARY = "libc++";
				CLANG_ENABLE_MODULES = YES;
				CLANG_ENABLE_OBJC_ARC = NO;
				CLANG_WARN_BOOL_CONVERSION = YES;
				CLANG_WARN_CONSTANT_CONVERSION = YES;
				CLANG_WARN_DIRECT_OBJC_ISA_USAGE = YES_ERROR;
				CLANG_WARN_EMPTY_BODY = YES;
				CLANG_WARN_ENUM_CONVERSION = YES;
				CLANG_WARN_INT_CONVERSION = YES;
				CLANG_WARN_OBJC_ROOT_CLASS = YES_ERROR;
				CLANG_WARN__DUPLICATE_METHOD_MATCH = YES;
				"CODE_SIGN_IDENTITY[sdk=iphoneos*]" = "iPhone Developer";
				COPY_PHASE_STRIP = NO;
				GCC_C_LANGUAGE_STANDARD = gnu99;
				GCC_DYNAMIC_NO_PIC = NO;
				GCC_OPTIMIZATION_LEVEL = 0;
				GCC_PREPROCESSOR_DEFINITIONS = (
					"DEBUG=1",
					"$(inherited)",
				);
				GCC_SYMBOLS_PRIVATE_EXTERN = NO;
				GCC_WARN_64_TO_32_BIT_CONVERSION = YES;
				GCC_WARN_ABOUT_RETURN_TYPE = YES_ERROR;
				GCC_WARN_UNDECLARED_SELECTOR = YES;
				GCC_WARN_UNINITIALIZED_AUTOS = YES;
				GCC_WARN_UNUSED_FUNCTION = YES;
				GCC_WARN_UNUSED_VARIABLE = YES;
				IPHONEOS_DEPLOYMENT_TARGET = 7.0;
				ONLY_ACTIVE_ARCH = YES;
				SDKROOT = iphoneos;
			};
			name = Debug;
		};
		17053CF218CD8BEF006228ED /* Release */ = {
			isa = XCBuildConfiguration;
			buildSettings = {
				ALWAYS_SEARCH_USER_PATHS = NO;
				ARCHS = "$(ARCHS_STANDARD_INCLUDING_64_BIT)";
				CLANG_CXX_LANGUAGE_STANDARD = "gnu++0x";
				CLANG_CXX_LIBRARY = "libc++";
				CLANG_ENABLE_MODULES = YES;
				CLANG_ENABLE_OBJC_ARC = NO;
				CLANG_WARN_BOOL_CONVERSION = YES;
				CLANG_WARN_CONSTANT_CONVERSION = YES;
				CLANG_WARN_DIRECT_OBJC_ISA_USAGE = YES_ERROR;
				CLANG_WARN_EMPTY_BODY = YES;
				CLANG_WARN_ENUM_CONVERSION = YES;
				CLANG_WARN_INT_CONVERSION = YES;
				CLANG_WARN_OBJC_ROOT_CLASS = YES_ERROR;
				CLANG_WARN__DUPLICATE_METHOD_MATCH = YES;
				"CODE_SIGN_IDENTITY[sdk=iphoneos*]" = "iPhone Developer";
				COPY_PHASE_STRIP = YES;
				ENABLE_NS_ASSERTIONS = NO;
				GCC_C_LANGUAGE_STANDARD = gnu99;
				GCC_WARN_64_TO_32_BIT_CONVERSION = YES;
				GCC_WARN_ABOUT_RETURN_TYPE = YES_ERROR;
				GCC_WARN_UNDECLARED_SELECTOR = YES;
				GCC_WARN_UNINITIALIZED_AUTOS = YES;
				GCC_WARN_UNUSED_FUNCTION = YES;
				GCC_WARN_UNUSED_VARIABLE = YES;
				IPHONEOS_DEPLOYMENT_TARGET = 7.0;
				SDKROOT = iphoneos;
				VALIDATE_PRODUCT = YES;
			};
			name = Release;
		};
		17053CF418CD8BEF006228ED /* Debug */ = {
			isa = XCBuildConfiguration;
			buildSettings = {
				ASSETCATALOG_COMPILER_APPICON_NAME = AppIcon;
				ASSETCATALOG_COMPILER_LAUNCHIMAGE_NAME = LaunchImage;
				GCC_PRECOMPILE_PREFIX_HEADER = YES;
				GCC_PREFIX_HEADER = "QYMovieScanner/QYMovieScanner-Prefix.pch";
				INFOPLIST_FILE = "QYMovieScanner/QYMovieScanner-Info.plist";
				PRODUCT_NAME = "$(TARGET_NAME)";
				WRAPPER_EXTENSION = app;
			};
			name = Debug;
		};
		17053CF518CD8BEF006228ED /* Release */ = {
			isa = XCBuildConfiguration;
			buildSettings = {
				ASSETCATALOG_COMPILER_APPICON_NAME = AppIcon;
				ASSETCATALOG_COMPILER_LAUNCHIMAGE_NAME = LaunchImage;
				GCC_PRECOMPILE_PREFIX_HEADER = YES;
				GCC_PREFIX_HEADER = "QYMovieScanner/QYMovieScanner-Prefix.pch";
				INFOPLIST_FILE = "QYMovieScanner/QYMovieScanner-Info.plist";
				PRODUCT_NAME = "$(TARGET_NAME)";
				WRAPPER_EXTENSION = app;
			};
			name = Release;
		};
		17053CF718CD8BEF006228ED /* Debug */ = {
			isa = XCBuildConfiguration;
			buildSettings = {
				ARCHS = "$(ARCHS_STANDARD_INCLUDING_64_BIT)";
				BUNDLE_LOADER = "$(BUILT_PRODUCTS_DIR)/QYMovieScanner.app/QYMovieScanner";
				FRAMEWORK_SEARCH_PATHS = (
					"$(SDKROOT)/Developer/Library/Frameworks",
					"$(inherited)",
					"$(DEVELOPER_FRAMEWORKS_DIR)",
				);
				GCC_PRECOMPILE_PREFIX_HEADER = YES;
				GCC_PREFIX_HEADER = "QYMovieScanner/QYMovieScanner-Prefix.pch";
				GCC_PREPROCESSOR_DEFINITIONS = (
					"DEBUG=1",
					"$(inherited)",
				);
				INFOPLIST_FILE = "QYMovieScannerTests/QYMovieScannerTests-Info.plist";
				PRODUCT_NAME = "$(TARGET_NAME)";
				TEST_HOST = "$(BUNDLE_LOADER)";
				WRAPPER_EXTENSION = xctest;
			};
			name = Debug;
		};
		17053CF818CD8BEF006228ED /* Release */ = {
			isa = XCBuildConfiguration;
			buildSettings = {
				ARCHS = "$(ARCHS_STANDARD_INCLUDING_64_BIT)";
				BUNDLE_LOADER = "$(BUILT_PRODUCTS_DIR)/QYMovieScanner.app/QYMovieScanner";
				FRAMEWORK_SEARCH_PATHS = (
					"$(SDKROOT)/Developer/Library/Frameworks",
					"$(inherited)",
					"$(DEVELOPER_FRAMEWORKS_DIR)",
				);
				GCC_PRECOMPILE_PREFIX_HEADER = YES;
				GCC_PREFIX_HEADER = "QYMovieScanner/QYMovieScanner-Prefix.pch";
				INFOPLIST_FILE = "QYMovieScannerTests/QYMovieScannerTests-Info.plist";
				PRODUCT_NAME = "$(TARGET_NAME)";
				TEST_HOST = "$(BUNDLE_LOADER)";
				WRAPPER_EXTENSION = xctest;
			};
			name = Release;
		};
/* End XCBuildConfiguration section */

/* Begin XCConfigurationList section */
		17053CC218CD8BEF006228ED /* Build configuration list for PBXProject "QYMovieScanner" */ = {
			isa = XCConfigurationList;
			buildConfigurations = (
				17053CF118CD8BEF006228ED /* Debug */,
				17053CF218CD8BEF006228ED /* Release */,
			);
			defaultConfigurationIsVisible = 0;
			defaultConfigurationName = Release;
		};
		17053CF318CD8BEF006228ED /* Build configuration list for PBXNativeTarget "QYMovieScanner" */ = {
			isa = XCConfigurationList;
			buildConfigurations = (
				17053CF418CD8BEF006228ED /* Debug */,
				17053CF518CD8BEF006228ED /* Release */,
			);
			defaultConfigurationIsVisible = 0;
			defaultConfigurationName = Release;
		};
		17053CF618CD8BEF006228ED /* Build configuration list for PBXNativeTarget "QYMovieScannerTests" */ = {
			isa = XCConfigurationList;
			buildConfigurations = (
				17053CF718CD8BEF006228ED /* Debug */,
				17053CF818CD8BEF006228ED /* Release */,
			);
			defaultConfigurationIsVisible = 0;
			defaultConfigurationName = Release;
		};
/* End XCConfigurationList section */
	};
	rootObject = 17053CBF18CD8BEF006228ED /* Project object */;
}
